// !$*UTF8*$!
{
	archiveVersion = 1;
	classes = {
	};
	objectVersion = 46;
	objects = {

/* Begin PBXBuildFile section */
		2F3D98781E55AC3700DE56F8 /* iPetViewController.swift in Sources */ = {isa = PBXBuildFile; fileRef = 2F3D98771E55AC3700DE56F8 /* iPetViewController.swift */; };
		2F8580BE1E665A6800882583 /* OwnedDogCell.swift in Sources */ = {isa = PBXBuildFile; fileRef = 2F8580BD1E665A6800882583 /* OwnedDogCell.swift */; };
		2F96F0A41E555D0100314F23 /* AppDelegate.swift in Sources */ = {isa = PBXBuildFile; fileRef = 2F96F0A31E555D0100314F23 /* AppDelegate.swift */; };
		2F96F0A61E555D0100314F23 /* ViewController.swift in Sources */ = {isa = PBXBuildFile; fileRef = 2F96F0A51E555D0100314F23 /* ViewController.swift */; };
		2F96F0AB1E555D0100314F23 /* Assets.xcassets in Resources */ = {isa = PBXBuildFile; fileRef = 2F96F0AA1E555D0100314F23 /* Assets.xcassets */; };
		2F96F0AE1E555D0100314F23 /* LaunchScreen.storyboard in Resources */ = {isa = PBXBuildFile; fileRef = 2F96F0AC1E555D0100314F23 /* LaunchScreen.storyboard */; };
		2F96F0B61E555D8E00314F23 /* TableViewController.swift in Sources */ = {isa = PBXBuildFile; fileRef = 2F96F0B51E555D8E00314F23 /* TableViewController.swift */; };
		2F96F0B81E555DC800314F23 /* WoofipediaViewController.swift in Sources */ = {isa = PBXBuildFile; fileRef = 2F96F0B71E555DC800314F23 /* WoofipediaViewController.swift */; };
		2F96F0BA1E555DFC00314F23 /* ProfileViewController.swift in Sources */ = {isa = PBXBuildFile; fileRef = 2F96F0B91E555DFC00314F23 /* ProfileViewController.swift */; };
		2F96F0BC1E555E3E00314F23 /* Main.storyboard in Resources */ = {isa = PBXBuildFile; fileRef = 2F96F0BB1E555E3E00314F23 /* Main.storyboard */; };
/* End PBXBuildFile section */

/* Begin PBXFileReference section */
		2F3D98771E55AC3700DE56F8 /* iPetViewController.swift */ = {isa = PBXFileReference; fileEncoding = 4; lastKnownFileType = sourcecode.swift; path = iPetViewController.swift; sourceTree = "<group>"; };
		2F8580BD1E665A6800882583 /* OwnedDogCell.swift */ = {isa = PBXFileReference; fileEncoding = 4; lastKnownFileType = sourcecode.swift; path = OwnedDogCell.swift; sourceTree = "<group>"; };
		2F96F0A01E555D0100314F23 /* frontEndTest.app */ = {isa = PBXFileReference; explicitFileType = wrapper.application; includeInIndex = 0; path = frontEndTest.app; sourceTree = BUILT_PRODUCTS_DIR; };
		2F96F0A31E555D0100314F23 /* AppDelegate.swift */ = {isa = PBXFileReference; lastKnownFileType = sourcecode.swift; path = AppDelegate.swift; sourceTree = "<group>"; };
		2F96F0A51E555D0100314F23 /* ViewController.swift */ = {isa = PBXFileReference; lastKnownFileType = sourcecode.swift; path = ViewController.swift; sourceTree = "<group>"; };
		2F96F0AA1E555D0100314F23 /* Assets.xcassets */ = {isa = PBXFileReference; lastKnownFileType = folder.assetcatalog; path = Assets.xcassets; sourceTree = "<group>"; };
		2F96F0AD1E555D0100314F23 /* Base */ = {isa = PBXFileReference; lastKnownFileType = file.storyboard; name = Base; path = Base.lproj/LaunchScreen.storyboard; sourceTree = "<group>"; };
		2F96F0AF1E555D0100314F23 /* Info.plist */ = {isa = PBXFileReference; lastKnownFileType = text.plist.xml; path = Info.plist; sourceTree = "<group>"; };
		2F96F0B51E555D8E00314F23 /* TableViewController.swift */ = {isa = PBXFileReference; fileEncoding = 4; lastKnownFileType = sourcecode.swift; path = TableViewController.swift; sourceTree = "<group>"; };
		2F96F0B71E555DC800314F23 /* WoofipediaViewController.swift */ = {isa = PBXFileReference; fileEncoding = 4; lastKnownFileType = sourcecode.swift; path = WoofipediaViewController.swift; sourceTree = "<group>"; };
		2F96F0B91E555DFC00314F23 /* ProfileViewController.swift */ = {isa = PBXFileReference; fileEncoding = 4; lastKnownFileType = sourcecode.swift; path = ProfileViewController.swift; sourceTree = "<group>"; };
		2F96F0BB1E555E3E00314F23 /* Main.storyboard */ = {isa = PBXFileReference; fileEncoding = 4; lastKnownFileType = file.storyboard; path = Main.storyboard; sourceTree = "<group>"; };
/* End PBXFileReference section */

/* Begin PBXFrameworksBuildPhase section */
		2F96F09D1E555D0100314F23 /* Frameworks */ = {
			isa = PBXFrameworksBuildPhase;
			buildActionMask = 2147483647;
			files = (
			);
			runOnlyForDeploymentPostprocessing = 0;
		};
/* End PBXFrameworksBuildPhase section */

/* Begin PBXGroup section */
		2F96F0971E555D0100314F23 = {
			isa = PBXGroup;
			children = (
				2F96F0A21E555D0100314F23 /* frontEndTest */,
				2F96F0A11E555D0100314F23 /* Products */,
			);
			sourceTree = "<group>";
		};
		2F96F0A11E555D0100314F23 /* Products */ = {
			isa = PBXGroup;
			children = (
				2F96F0A01E555D0100314F23 /* frontEndTest.app */,
			);
			name = Products;
			sourceTree = "<group>";
		};
		2F96F0A21E555D0100314F23 /* frontEndTest */ = {
			isa = PBXGroup;
			children = (
				2F96F0A31E555D0100314F23 /* AppDelegate.swift */,
				2F96F0A51E555D0100314F23 /* ViewController.swift */,
				2F96F0B51E555D8E00314F23 /* TableViewController.swift */,
				2F96F0B71E555DC800314F23 /* WoofipediaViewController.swift */,
				2F96F0B91E555DFC00314F23 /* ProfileViewController.swift */,
				2F96F0BB1E555E3E00314F23 /* Main.storyboard */,
				2F3D98771E55AC3700DE56F8 /* iPetViewController.swift */,
				2F8580BD1E665A6800882583 /* OwnedDogCell.swift */,
				2F96F0AA1E555D0100314F23 /* Assets.xcassets */,
				2F96F0AC1E555D0100314F23 /* LaunchScreen.storyboard */,
				2F96F0AF1E555D0100314F23 /* Info.plist */,
			);
			path = frontEndTest;
			sourceTree = "<group>";
		};
/* End PBXGroup section */

/* Begin PBXNativeTarget section */
		2F96F09F1E555D0100314F23 /* frontEndTest */ = {
			isa = PBXNativeTarget;
			buildConfigurationList = 2F96F0B21E555D0100314F23 /* Build configuration list for PBXNativeTarget "frontEndTest" */;
			buildPhases = (
				2F96F09C1E555D0100314F23 /* Sources */,
				2F96F09D1E555D0100314F23 /* Frameworks */,
				2F96F09E1E555D0100314F23 /* Resources */,
			);
			buildRules = (
			);
			dependencies = (
			);
			name = frontEndTest;
			productName = frontEndTest;
			productReference = 2F96F0A01E555D0100314F23 /* frontEndTest.app */;
			productType = "com.apple.product-type.application";
		};
/* End PBXNativeTarget section */

/* Begin PBXProject section */
		2F96F0981E555D0100314F23 /* Project object */ = {
			isa = PBXProject;
			attributes = {
				LastSwiftUpdateCheck = 0820;
				LastUpgradeCheck = 0820;
				ORGANIZATIONNAME = "Meiyi He";
				TargetAttributes = {
					2F96F09F1E555D0100314F23 = {
						CreatedOnToolsVersion = 8.2.1;
						DevelopmentTeam = 5CPEK2K37C;
						ProvisioningStyle = Automatic;
					};
				};
			};
			buildConfigurationList = 2F96F09B1E555D0100314F23 /* Build configuration list for PBXProject "frontEndTest" */;
			compatibilityVersion = "Xcode 3.2";
			developmentRegion = English;
			hasScannedForEncodings = 0;
			knownRegions = (
				en,
				Base,
			);
			mainGroup = 2F96F0971E555D0100314F23;
			productRefGroup = 2F96F0A11E555D0100314F23 /* Products */;
			projectDirPath = "";
			projectRoot = "";
			targets = (
				2F96F09F1E555D0100314F23 /* frontEndTest */,
			);
		};
/* End PBXProject section */

/* Begin PBXResourcesBuildPhase section */
		2F96F09E1E555D0100314F23 /* Resources */ = {
			isa = PBXResourcesBuildPhase;
			buildActionMask = 2147483647;
			files = (
				2F96F0BC1E555E3E00314F23 /* Main.storyboard in Resources */,
				2F96F0AE1E555D0100314F23 /* LaunchScreen.storyboard in Resources */,
				2F96F0AB1E555D0100314F23 /* Assets.xcassets in Resources */,
			);
			runOnlyForDeploymentPostprocessing = 0;
		};
/* End PBXResourcesBuildPhase section */

/* Begin PBXSourcesBuildPhase section */
		2F96F09C1E555D0100314F23 /* Sources */ = {
			isa = PBXSourcesBuildPhase;
			buildActionMask = 2147483647;
			files = (
				2F96F0A61E555D0100314F23 /* ViewController.swift in Sources */,
				2F96F0B61E555D8E00314F23 /* TableViewController.swift in Sources */,
				2F96F0BA1E555DFC00314F23 /* ProfileViewController.swift in Sources */,
				2F96F0A41E555D0100314F23 /* AppDelegate.swift in Sources */,
				2F3D98781E55AC3700DE56F8 /* iPetViewController.swift in Sources */,
				2F8580BE1E665A6800882583 /* OwnedDogCell.swift in Sources */,
				2F96F0B81E555DC800314F23 /* WoofipediaViewController.swift in Sources */,
			);
			runOnlyForDeploymentPostprocessing = 0;
		};
/* End PBXSourcesBuildPhase section */

/* Begin PBXVariantGroup section */
		2F96F0AC1E555D0100314F23 /* LaunchScreen.storyboard */ = {
			isa = PBXVariantGroup;
			children = (
				2F96F0AD1E555D0100314F23 /* Base */,
			);
			name = LaunchScreen.storyboard;
			sourceTree = "<group>";
		};
/* End PBXVariantGroup section */

/* Begin XCBuildConfiguration section */
		2F96F0B01E555D0100314F23 /* Debug */ = {
			isa = XCBuildConfiguration;
			buildSettings = {
				ALWAYS_SEARCH_USER_PATHS = NO;
				CLANG_ANALYZER_NONNULL = YES;
				CLANG_CXX_LANGUAGE_STANDARD = "gnu++0x";
				CLANG_CXX_LIBRARY = "libc++";
				CLANG_ENABLE_MODULES = YES;
				CLANG_ENABLE_OBJC_ARC = YES;
				CLANG_WARN_BOOL_CONVERSION = YES;
				CLANG_WARN_CONSTANT_CONVERSION = YES;
				CLANG_WARN_DIRECT_OBJC_ISA_USAGE = YES_ERROR;
				CLANG_WARN_DOCUMENTATION_COMMENTS = YES;
				CLANG_WARN_EMPTY_BODY = YES;
				CLANG_WARN_ENUM_CONVERSION = YES;
				CLANG_WARN_INFINITE_RECURSION = YES;
				CLANG_WARN_INT_CONVERSION = YES;
				CLANG_WARN_OBJC_ROOT_CLASS = YES_ERROR;
				CLANG_WARN_SUSPICIOUS_MOVE = YES;
				CLANG_WARN_UNREACHABLE_CODE = YES;
				CLANG_WARN__DUPLICATE_METHOD_MATCH = YES;
				"CODE_SIGN_IDENTITY[sdk=iphoneos*]" = "iPhone Developer";
				COPY_PHASE_STRIP = NO;
				DEBUG_INFORMATION_FORMAT = dwarf;
				ENABLE_STRICT_OBJC_MSGSEND = YES;
				ENABLE_TESTABILITY = YES;
				GCC_C_LANGUAGE_STANDARD = gnu99;
				GCC_DYNAMIC_NO_PIC = NO;
				GCC_NO_COMMON_BLOCKS = YES;
				GCC_OPTIMIZATION_LEVEL = 0;
				GCC_PREPROCESSOR_DEFINITIONS = (
					"DEBUG=1",
					"$(inherited)",
				);
				GCC_WARN_64_TO_32_BIT_CONVERSION = YES;
				GCC_WARN_ABOUT_RETURN_TYPE = YES_ERROR;
				GCC_WARN_UNDECLARED_SELECTOR = YES;
				GCC_WARN_UNINITIALIZED_AUTOS = YES_AGGRESSIVE;
				GCC_WARN_UNUSED_FUNCTION = YES;
				GCC_WARN_UNUSED_VARIABLE = YES;
				IPHONEOS_DEPLOYMENT_TARGET = 10.2;
				MTL_ENABLE_DEBUG_INFO = YES;
				ONLY_ACTIVE_ARCH = YES;
				SDKROOT = iphoneos;
				SWIFT_ACTIVE_COMPILATION_CONDITIONS = DEBUG;
				SWIFT_OPTIMIZATION_LEVEL = "-Onone";
				TARGETED_DEVICE_FAMILY = "1,2";
			};
			name = Debug;
		};
		2F96F0B11E555D0100314F23 /* Release */ = {
			isa = XCBuildConfiguration;
			buildSettings = {
				ALWAYS_SEARCH_USER_PATHS = NO;
				CLANG_ANALYZER_NONNULL = YES;
				CLANG_CXX_LANGUAGE_STANDARD = "gnu++0x";
				CLANG_CXX_LIBRARY = "libc++";
				CLANG_ENABLE_MODULES = YES;
				CLANG_ENABLE_OBJC_ARC = YES;
				CLANG_WARN_BOOL_CONVERSION = YES;
				CLANG_WARN_CONSTANT_CONVERSION = YES;
				CLANG_WARN_DIRECT_OBJC_ISA_USAGE = YES_ERROR;
				CLANG_WARN_DOCUMENTATION_COMMENTS = YES;
				CLANG_WARN_EMPTY_BODY = YES;
				CLANG_WARN_ENUM_CONVERSION = YES;
				CLANG_WARN_INFINITE_RECURSION = YES;
				CLANG_WARN_INT_CONVERSION = YES;
				CLANG_WARN_OBJC_ROOT_CLASS = YES_ERROR;
				CLANG_WARN_SUSPICIOUS_MOVE = YES;
				CLANG_WARN_UNREACHABLE_CODE = YES;
				CLANG_WARN__DUPLICATE_METHOD_MATCH = YES;
				"CODE_SIGN_IDENTITY[sdk=iphoneos*]" = "iPhone Developer";
				COPY_PHASE_STRIP = NO;
				DEBUG_INFORMATION_FORMAT = "dwarf-with-dsym";
				ENABLE_NS_ASSERTIONS = NO;
				ENABLE_STRICT_OBJC_MSGSEND = YES;
				GCC_C_LANGUAGE_STANDARD = gnu99;
				GCC_NO_COMMON_BLOCKS = YES;
				GCC_WARN_64_TO_32_BIT_CONVERSION = YES;
				GCC_WARN_ABOUT_RETURN_TYPE = YES_ERROR;
				GCC_WARN_UNDECLARED_SELECTOR = YES;
				GCC_WARN_UNINITIALIZED_AUTOS = YES_AGGRESSIVE;
				GCC_WARN_UNUSED_FUNCTION = YES;
				GCC_WARN_UNUSED_VARIABLE = YES;
				IPHONEOS_DEPLOYMENT_TARGET = 10.2;
				MTL_ENABLE_DEBUG_INFO = NO;
				SDKROOT = iphoneos;
				SWIFT_OPTIMIZATION_LEVEL = "-Owholemodule";
				TARGETED_DEVICE_FAMILY = "1,2";
				VALIDATE_PRODUCT = YES;
			};
			name = Release;
		};
		2F96F0B31E555D0100314F23 /* Debug */ = {
			isa = XCBuildConfiguration;
			buildSettings = {
				ASSETCATALOG_COMPILER_APPICON_NAME = AppIcon;
				ASSETCATALOG_COMPILER_LAUNCHIMAGE_NAME = LaunchImage;
				"CODE_SIGN_IDENTITY[sdk=iphoneos*]" = "iPhone Developer";
				DEVELOPMENT_TEAM = 5CPEK2K37C;
				INFOPLIST_FILE = frontEndTest/Info.plist;
				LD_RUNPATH_SEARCH_PATHS = "$(inherited) @executable_path/Frameworks";
				ONLY_ACTIVE_ARCH = YES;
				PRODUCT_BUNDLE_IDENTIFIER = lexihe.frontEndTest;
				PRODUCT_NAME = "$(TARGET_NAME)";
				SWIFT_VERSION = 3.0;
				TARGETED_DEVICE_FAMILY = 1;
			};
			name = Debug;
		};
		2F96F0B41E555D0100314F23 /* Release */ = {
			isa = XCBuildConfiguration;
			buildSettings = {
				ASSETCATALOG_COMPILER_APPICON_NAME = AppIcon;
				ASSETCATALOG_COMPILER_LAUNCHIMAGE_NAME = LaunchImage;
				"CODE_SIGN_IDENTITY[sdk=iphoneos*]" = "iPhone Developer";
				DEVELOPMENT_TEAM = 5CPEK2K37C;
				INFOPLIST_FILE = frontEndTest/Info.plist;
				LD_RUNPATH_SEARCH_PATHS = "$(inherited) @executable_path/Frameworks";
				ONLY_ACTIVE_ARCH = YES;
				PRODUCT_BUNDLE_IDENTIFIER = lexihe.frontEndTest;
				PRODUCT_NAME = "$(TARGET_NAME)";
				SWIFT_VERSION = 3.0;
				TARGETED_DEVICE_FAMILY = 1;
			};
			name = Release;
		};
/* End XCBuildConfiguration section */

/* Begin XCConfigurationList section */
		2F96F09B1E555D0100314F23 /* Build configuration list for PBXProject "frontEndTest" */ = {
			isa = XCConfigurationList;
			buildConfigurations = (
				2F96F0B01E555D0100314F23 /* Debug */,
				2F96F0B11E555D0100314F23 /* Release */,
			);
			defaultConfigurationIsVisible = 0;
			defaultConfigurationName = Release;
		};
		2F96F0B21E555D0100314F23 /* Build configuration list for PBXNativeTarget "frontEndTest" */ = {
			isa = XCConfigurationList;
			buildConfigurations = (
				2F96F0B31E555D0100314F23 /* Debug */,
				2F96F0B41E555D0100314F23 /* Release */,
			);
			defaultConfigurationIsVisible = 0;
			defaultConfigurationName = Release;
		};
/* End XCConfigurationList section */
	};
	rootObject = 2F96F0981E555D0100314F23 /* Project object */;
}
