// !$*UTF8*$!
{
	archiveVersion = 1;
	classes = {
	};
	objectVersion = 46;
	objects = {

/* Begin PBXBuildFile section */
		0314E5251E6FC43A00E73DF9 /* LaunchViewController.swift in Sources */ = {isa = PBXBuildFile; fileRef = 0314E5241E6FC43A00E73DF9 /* LaunchViewController.swift */; };
		0758A9171E450B5B00BE9145 /* Rubik-Black.ttf in Resources */ = {isa = PBXBuildFile; fileRef = 0758A90D1E450B5B00BE9145 /* Rubik-Black.ttf */; };
		0758A9181E450B5B00BE9145 /* Rubik-BlackItalic.ttf in Resources */ = {isa = PBXBuildFile; fileRef = 0758A90E1E450B5B00BE9145 /* Rubik-BlackItalic.ttf */; };
		0758A9191E450B5B00BE9145 /* Rubik-Bold.ttf in Resources */ = {isa = PBXBuildFile; fileRef = 0758A90F1E450B5B00BE9145 /* Rubik-Bold.ttf */; };
		0758A91A1E450B5B00BE9145 /* Rubik-BoldItalic.ttf in Resources */ = {isa = PBXBuildFile; fileRef = 0758A9101E450B5B00BE9145 /* Rubik-BoldItalic.ttf */; };
		0758A91B1E450B5B00BE9145 /* Rubik-Italic.ttf in Resources */ = {isa = PBXBuildFile; fileRef = 0758A9111E450B5B00BE9145 /* Rubik-Italic.ttf */; };
		0758A91C1E450B5B00BE9145 /* Rubik-Light.ttf in Resources */ = {isa = PBXBuildFile; fileRef = 0758A9121E450B5B00BE9145 /* Rubik-Light.ttf */; };
		0758A91D1E450B5B00BE9145 /* Rubik-LightItalic.ttf in Resources */ = {isa = PBXBuildFile; fileRef = 0758A9131E450B5B00BE9145 /* Rubik-LightItalic.ttf */; };
		0758A91E1E450B5B00BE9145 /* Rubik-Medium.ttf in Resources */ = {isa = PBXBuildFile; fileRef = 0758A9141E450B5B00BE9145 /* Rubik-Medium.ttf */; };
		0758A91F1E450B5B00BE9145 /* Rubik-MediumItalic.ttf in Resources */ = {isa = PBXBuildFile; fileRef = 0758A9151E450B5B00BE9145 /* Rubik-MediumItalic.ttf */; };
		0758A9201E450B5B00BE9145 /* Rubik-Regular.ttf in Resources */ = {isa = PBXBuildFile; fileRef = 0758A9161E450B5B00BE9145 /* Rubik-Regular.ttf */; };
		075FBD811E4D635D009ECE7C /* Breed.swift in Sources */ = {isa = PBXBuildFile; fileRef = 075FBD7E1E4D635D009ECE7C /* Breed.swift */; };
		075FBD821E4D635D009ECE7C /* Dog.swift in Sources */ = {isa = PBXBuildFile; fileRef = 075FBD7F1E4D635D009ECE7C /* Dog.swift */; };
		075FBD831E4D635D009ECE7C /* User.swift in Sources */ = {isa = PBXBuildFile; fileRef = 075FBD801E4D635D009ECE7C /* User.swift */; };
		076344861E415470001E20C9 /* AppDelegate.swift in Sources */ = {isa = PBXBuildFile; fileRef = 076344851E415470001E20C9 /* AppDelegate.swift */; };
		076344881E415470001E20C9 /* FirstViewController.swift in Sources */ = {isa = PBXBuildFile; fileRef = 076344871E415470001E20C9 /* FirstViewController.swift */; };
		0763448D1E415470001E20C9 /* Main.storyboard in Resources */ = {isa = PBXBuildFile; fileRef = 0763448B1E415470001E20C9 /* Main.storyboard */; };
		076344921E415470001E20C9 /* LaunchScreen.storyboard in Resources */ = {isa = PBXBuildFile; fileRef = 076344901E415470001E20C9 /* LaunchScreen.storyboard */; };
		0763449D1E415470001E20C9 /* WoofTests.swift in Sources */ = {isa = PBXBuildFile; fileRef = 0763449C1E415470001E20C9 /* WoofTests.swift */; };
		076344A81E415470001E20C9 /* WoofUITests.swift in Sources */ = {isa = PBXBuildFile; fileRef = 076344A71E415470001E20C9 /* WoofUITests.swift */; };
		076344B61E4154AE001E20C9 /* GoogleService-Info.plist in Resources */ = {isa = PBXBuildFile; fileRef = 076344B51E4154AE001E20C9 /* GoogleService-Info.plist */; };
		076344B71E4154AE001E20C9 /* GoogleService-Info.plist in Resources */ = {isa = PBXBuildFile; fileRef = 076344B51E4154AE001E20C9 /* GoogleService-Info.plist */; };
		076344B81E4154AE001E20C9 /* GoogleService-Info.plist in Resources */ = {isa = PBXBuildFile; fileRef = 076344B51E4154AE001E20C9 /* GoogleService-Info.plist */; };
		076344BA1E415DC1001E20C9 /* FBSDKLoginKit.framework in Frameworks */ = {isa = PBXBuildFile; fileRef = 076344B91E415DC1001E20C9 /* FBSDKLoginKit.framework */; };
		076344BB1E415DC1001E20C9 /* FBSDKLoginKit.framework in Frameworks */ = {isa = PBXBuildFile; fileRef = 076344B91E415DC1001E20C9 /* FBSDKLoginKit.framework */; };
		076344BC1E415DC1001E20C9 /* FBSDKLoginKit.framework in Frameworks */ = {isa = PBXBuildFile; fileRef = 076344B91E415DC1001E20C9 /* FBSDKLoginKit.framework */; };
		076344BE1E416EA0001E20C9 /* LoginViewController.swift in Sources */ = {isa = PBXBuildFile; fileRef = 076344BD1E416EA0001E20C9 /* LoginViewController.swift */; };
		076A4D861E6E52E800ABFC98 /* OwnedDogCell.swift in Sources */ = {isa = PBXBuildFile; fileRef = 076A4D841E6E52E800ABFC98 /* OwnedDogCell.swift */; };
		076A4D871E6E52E800ABFC98 /* OwnedDogDetailViewController.swift in Sources */ = {isa = PBXBuildFile; fileRef = 076A4D851E6E52E800ABFC98 /* OwnedDogDetailViewController.swift */; };
		076A4D891E6E53C400ABFC98 /* NotificationViewController.swift in Sources */ = {isa = PBXBuildFile; fileRef = 076A4D881E6E53C400ABFC98 /* NotificationViewController.swift */; };
		076A4D8B1E6E6CF300ABFC98 /* Assets.xcassets in Resources */ = {isa = PBXBuildFile; fileRef = 076A4D8A1E6E6CF300ABFC98 /* Assets.xcassets */; };
		07AFF2281E6A55020089867C /* Major.storyboard in Resources */ = {isa = PBXBuildFile; fileRef = 07AFF2261E6A55020089867C /* Major.storyboard */; };
		07AFF2291E6A55020089867C /* Major.storyboard in Resources */ = {isa = PBXBuildFile; fileRef = 07AFF2261E6A55020089867C /* Major.storyboard */; };
		07AFF22A1E6A55020089867C /* Major.storyboard in Resources */ = {isa = PBXBuildFile; fileRef = 07AFF2261E6A55020089867C /* Major.storyboard */; };
		07AFF23E1E6A55D20089867C /* bacgroundHome.png in Resources */ = {isa = PBXBuildFile; fileRef = 07AFF22B1E6A55D20089867C /* bacgroundHome.png */; };
		07AFF23F1E6A55D20089867C /* bacgroundHome.png in Resources */ = {isa = PBXBuildFile; fileRef = 07AFF22B1E6A55D20089867C /* bacgroundHome.png */; };
		07AFF2401E6A55D20089867C /* bacgroundHome.png in Resources */ = {isa = PBXBuildFile; fileRef = 07AFF22B1E6A55D20089867C /* bacgroundHome.png */; };
		07AFF2411E6A55D20089867C /* backgroundHome.jpg in Resources */ = {isa = PBXBuildFile; fileRef = 07AFF22C1E6A55D20089867C /* backgroundHome.jpg */; };
		07AFF2421E6A55D20089867C /* backgroundHome.jpg in Resources */ = {isa = PBXBuildFile; fileRef = 07AFF22C1E6A55D20089867C /* backgroundHome.jpg */; };
		07AFF2431E6A55D20089867C /* backgroundHome.jpg in Resources */ = {isa = PBXBuildFile; fileRef = 07AFF22C1E6A55D20089867C /* backgroundHome.jpg */; };
		07AFF2441E6A55D20089867C /* backgroundHomeLarge.jpg in Resources */ = {isa = PBXBuildFile; fileRef = 07AFF22D1E6A55D20089867C /* backgroundHomeLarge.jpg */; };
		07AFF2451E6A55D20089867C /* backgroundHomeLarge.jpg in Resources */ = {isa = PBXBuildFile; fileRef = 07AFF22D1E6A55D20089867C /* backgroundHomeLarge.jpg */; };
		07AFF2461E6A55D20089867C /* backgroundHomeLarge.jpg in Resources */ = {isa = PBXBuildFile; fileRef = 07AFF22D1E6A55D20089867C /* backgroundHomeLarge.jpg */; };
		07AFF2471E6A55D20089867C /* bone-flat.png in Resources */ = {isa = PBXBuildFile; fileRef = 07AFF22E1E6A55D20089867C /* bone-flat.png */; };
		07AFF2481E6A55D20089867C /* bone-flat.png in Resources */ = {isa = PBXBuildFile; fileRef = 07AFF22E1E6A55D20089867C /* bone-flat.png */; };
		07AFF2491E6A55D20089867C /* bone-flat.png in Resources */ = {isa = PBXBuildFile; fileRef = 07AFF22E1E6A55D20089867C /* bone-flat.png */; };
		07AFF24A1E6A55D20089867C /* DetailViewController.swift in Sources */ = {isa = PBXBuildFile; fileRef = 07AFF22F1E6A55D20089867C /* DetailViewController.swift */; };
		07AFF24B1E6A55D20089867C /* DetailViewController.swift in Sources */ = {isa = PBXBuildFile; fileRef = 07AFF22F1E6A55D20089867C /* DetailViewController.swift */; };
		07AFF24C1E6A55D20089867C /* DetailViewController.swift in Sources */ = {isa = PBXBuildFile; fileRef = 07AFF22F1E6A55D20089867C /* DetailViewController.swift */; };
		07AFF24D1E6A55D20089867C /* DogCell.swift in Sources */ = {isa = PBXBuildFile; fileRef = 07AFF2301E6A55D20089867C /* DogCell.swift */; };
		07AFF24E1E6A55D20089867C /* DogCell.swift in Sources */ = {isa = PBXBuildFile; fileRef = 07AFF2301E6A55D20089867C /* DogCell.swift */; };
		07AFF24F1E6A55D20089867C /* DogCell.swift in Sources */ = {isa = PBXBuildFile; fileRef = 07AFF2301E6A55D20089867C /* DogCell.swift */; };
		07AFF2501E6A55D20089867C /* dogProfile.png in Resources */ = {isa = PBXBuildFile; fileRef = 07AFF2311E6A55D20089867C /* dogProfile.png */; };
		07AFF2511E6A55D20089867C /* dogProfile.png in Resources */ = {isa = PBXBuildFile; fileRef = 07AFF2311E6A55D20089867C /* dogProfile.png */; };
		07AFF2521E6A55D20089867C /* dogProfile.png in Resources */ = {isa = PBXBuildFile; fileRef = 07AFF2311E6A55D20089867C /* dogProfile.png */; };
		07AFF2531E6A55D20089867C /* DogProfile.swift in Sources */ = {isa = PBXBuildFile; fileRef = 07AFF2321E6A55D20089867C /* DogProfile.swift */; };
		07AFF2541E6A55D20089867C /* DogProfile.swift in Sources */ = {isa = PBXBuildFile; fileRef = 07AFF2321E6A55D20089867C /* DogProfile.swift */; };
		07AFF2551E6A55D20089867C /* DogProfile.swift in Sources */ = {isa = PBXBuildFile; fileRef = 07AFF2321E6A55D20089867C /* DogProfile.swift */; };
		07AFF2561E6A55D20089867C /* FilterTableViewController.swift in Sources */ = {isa = PBXBuildFile; fileRef = 07AFF2331E6A55D20089867C /* FilterTableViewController.swift */; };
		07AFF2571E6A55D20089867C /* FilterTableViewController.swift in Sources */ = {isa = PBXBuildFile; fileRef = 07AFF2331E6A55D20089867C /* FilterTableViewController.swift */; };
		07AFF2581E6A55D20089867C /* FilterTableViewController.swift in Sources */ = {isa = PBXBuildFile; fileRef = 07AFF2331E6A55D20089867C /* FilterTableViewController.swift */; };
		07AFF2591E6A55D20089867C /* homepageGradient.jpg in Resources */ = {isa = PBXBuildFile; fileRef = 07AFF2341E6A55D20089867C /* homepageGradient.jpg */; };
		07AFF25A1E6A55D20089867C /* homepageGradient.jpg in Resources */ = {isa = PBXBuildFile; fileRef = 07AFF2341E6A55D20089867C /* homepageGradient.jpg */; };
		07AFF25B1E6A55D20089867C /* homepageGradient.jpg in Resources */ = {isa = PBXBuildFile; fileRef = 07AFF2341E6A55D20089867C /* homepageGradient.jpg */; };
		07AFF25C1E6A55D20089867C /* HomepageViewController.swift in Sources */ = {isa = PBXBuildFile; fileRef = 07AFF2351E6A55D20089867C /* HomepageViewController.swift */; };
		07AFF25D1E6A55D20089867C /* HomepageViewController.swift in Sources */ = {isa = PBXBuildFile; fileRef = 07AFF2351E6A55D20089867C /* HomepageViewController.swift */; };
		07AFF25E1E6A55D20089867C /* HomepageViewController.swift in Sources */ = {isa = PBXBuildFile; fileRef = 07AFF2351E6A55D20089867C /* HomepageViewController.swift */; };
		07AFF25F1E6A55D20089867C /* iconDogButton.png in Resources */ = {isa = PBXBuildFile; fileRef = 07AFF2361E6A55D20089867C /* iconDogButton.png */; };
		07AFF2601E6A55D20089867C /* iconDogButton.png in Resources */ = {isa = PBXBuildFile; fileRef = 07AFF2361E6A55D20089867C /* iconDogButton.png */; };
		07AFF2611E6A55D20089867C /* iconDogButton.png in Resources */ = {isa = PBXBuildFile; fileRef = 07AFF2361E6A55D20089867C /* iconDogButton.png */; };
		07AFF2621E6A55D20089867C /* IPetViewController.swift in Sources */ = {isa = PBXBuildFile; fileRef = 07AFF2371E6A55D20089867C /* IPetViewController.swift */; };
		07AFF2631E6A55D20089867C /* IPetViewController.swift in Sources */ = {isa = PBXBuildFile; fileRef = 07AFF2371E6A55D20089867C /* IPetViewController.swift */; };
		07AFF2641E6A55D20089867C /* IPetViewController.swift in Sources */ = {isa = PBXBuildFile; fileRef = 07AFF2371E6A55D20089867C /* IPetViewController.swift */; };
		07AFF2651E6A55D20089867C /* loginLogo.png in Resources */ = {isa = PBXBuildFile; fileRef = 07AFF2381E6A55D20089867C /* loginLogo.png */; };
		07AFF2661E6A55D20089867C /* loginLogo.png in Resources */ = {isa = PBXBuildFile; fileRef = 07AFF2381E6A55D20089867C /* loginLogo.png */; };
		07AFF2671E6A55D20089867C /* loginLogo.png in Resources */ = {isa = PBXBuildFile; fileRef = 07AFF2381E6A55D20089867C /* loginLogo.png */; };
		07AFF2681E6A55D20089867C /* logo.jpg in Resources */ = {isa = PBXBuildFile; fileRef = 07AFF2391E6A55D20089867C /* logo.jpg */; };
		07AFF2691E6A55D20089867C /* logo.jpg in Resources */ = {isa = PBXBuildFile; fileRef = 07AFF2391E6A55D20089867C /* logo.jpg */; };
		07AFF26A1E6A55D20089867C /* logo.jpg in Resources */ = {isa = PBXBuildFile; fileRef = 07AFF2391E6A55D20089867C /* logo.jpg */; };
		07AFF26B1E6A55D20089867C /* ProfileViewController.swift in Sources */ = {isa = PBXBuildFile; fileRef = 07AFF23A1E6A55D20089867C /* ProfileViewController.swift */; };
		07AFF26C1E6A55D20089867C /* ProfileViewController.swift in Sources */ = {isa = PBXBuildFile; fileRef = 07AFF23A1E6A55D20089867C /* ProfileViewController.swift */; };
		07AFF26D1E6A55D20089867C /* ProfileViewController.swift in Sources */ = {isa = PBXBuildFile; fileRef = 07AFF23A1E6A55D20089867C /* ProfileViewController.swift */; };
		07AFF26E1E6A55D20089867C /* Pulsing.swift in Sources */ = {isa = PBXBuildFile; fileRef = 07AFF23B1E6A55D20089867C /* Pulsing.swift */; };
		07AFF26F1E6A55D20089867C /* Pulsing.swift in Sources */ = {isa = PBXBuildFile; fileRef = 07AFF23B1E6A55D20089867C /* Pulsing.swift */; };
		07AFF2701E6A55D20089867C /* Pulsing.swift in Sources */ = {isa = PBXBuildFile; fileRef = 07AFF23B1E6A55D20089867C /* Pulsing.swift */; };
		07AFF2711E6A55D20089867C /* SearchTableViewController.swift in Sources */ = {isa = PBXBuildFile; fileRef = 07AFF23C1E6A55D20089867C /* SearchTableViewController.swift */; };
		07AFF2721E6A55D20089867C /* SearchTableViewController.swift in Sources */ = {isa = PBXBuildFile; fileRef = 07AFF23C1E6A55D20089867C /* SearchTableViewController.swift */; };
		07AFF2731E6A55D20089867C /* SearchTableViewController.swift in Sources */ = {isa = PBXBuildFile; fileRef = 07AFF23C1E6A55D20089867C /* SearchTableViewController.swift */; };
		07AFF2771E6A5E8B0089867C /* Breed.swift in Sources */ = {isa = PBXBuildFile; fileRef = 075FBD7E1E4D635D009ECE7C /* Breed.swift */; };
		07AFF2781E6A5E8C0089867C /* Breed.swift in Sources */ = {isa = PBXBuildFile; fileRef = 075FBD7E1E4D635D009ECE7C /* Breed.swift */; };
		07AFF2791E6A5E8F0089867C /* User.swift in Sources */ = {isa = PBXBuildFile; fileRef = 075FBD801E4D635D009ECE7C /* User.swift */; };
		07AFF27A1E6A5E900089867C /* User.swift in Sources */ = {isa = PBXBuildFile; fileRef = 075FBD801E4D635D009ECE7C /* User.swift */; };
		07AFF27B1E6A5EA40089867C /* Dog.swift in Sources */ = {isa = PBXBuildFile; fileRef = 075FBD7F1E4D635D009ECE7C /* Dog.swift */; };
		07AFF27C1E6A5EA50089867C /* Dog.swift in Sources */ = {isa = PBXBuildFile; fileRef = 075FBD7F1E4D635D009ECE7C /* Dog.swift */; };
		07AFF27E1E6A64090089867C /* Functionalities.swift in Sources */ = {isa = PBXBuildFile; fileRef = 07B4D74D1E56A21200DA6A2C /* Functionalities.swift */; };
		07AFF27F1E6A640A0089867C /* Functionalities.swift in Sources */ = {isa = PBXBuildFile; fileRef = 07B4D74D1E56A21200DA6A2C /* Functionalities.swift */; };
		07B4D74C1E56A13200DA6A2C /* DataAccessObject.swift in Sources */ = {isa = PBXBuildFile; fileRef = 07B4D74B1E56A13200DA6A2C /* DataAccessObject.swift */; };
		07B4D74E1E56A21200DA6A2C /* Functionalities.swift in Sources */ = {isa = PBXBuildFile; fileRef = 07B4D74D1E56A21200DA6A2C /* Functionalities.swift */; };
		2F1D1E8F1E726833001DDFBD /* FilterResultViewController.swift in Sources */ = {isa = PBXBuildFile; fileRef = 2F1D1E8E1E726833001DDFBD /* FilterResultViewController.swift */; };
		2FBB4B651E75D50A001FD150 /* backgroundHomeLarge-shade.jpg in Resources */ = {isa = PBXBuildFile; fileRef = 2FBB4B641E75D50A001FD150 /* backgroundHomeLarge-shade.jpg */; };
		2FD762301E73CDB500E315D0 /* LikedViewController.swift in Sources */ = {isa = PBXBuildFile; fileRef = 2FD7622F1E73CDB500E315D0 /* LikedViewController.swift */; };
		2FFCB09B1E7271DB00B4D6E9 /* AddDogViewController.swift in Sources */ = {isa = PBXBuildFile; fileRef = 2FFCB09A1E7271DB00B4D6E9 /* AddDogViewController.swift */; };
		58C3A872E1D87A2AA2091BAF /* Pods_Woof.framework in Frameworks */ = {isa = PBXBuildFile; fileRef = 2B9FF199C9CAEB89DFB8BD0B /* Pods_Woof.framework */; };
		73C8B1651E72FA6A00185C8B /* SystemConfiguration.framework in Frameworks */ = {isa = PBXBuildFile; fileRef = 73C8B1641E72FA6A00185C8B /* SystemConfiguration.framework */; };
		73C8B1671E72FA7300185C8B /* AddressBook.framework in Frameworks */ = {isa = PBXBuildFile; fileRef = 73C8B1661E72FA7300185C8B /* AddressBook.framework */; };
		73C8B16B1E73014800185C8B /* GoogleSignIn.bundle in Frameworks */ = {isa = PBXBuildFile; fileRef = 73C8B1691E73014800185C8B /* GoogleSignIn.bundle */; };
		73C8B16C1E73014800185C8B /* GoogleSignIn.framework in Frameworks */ = {isa = PBXBuildFile; fileRef = 73C8B16A1E73014800185C8B /* GoogleSignIn.framework */; };
		9E7828841E713FB000EF3B9C /* unlike.png in Resources */ = {isa = PBXBuildFile; fileRef = 9E7828831E713FB000EF3B9C /* unlike.png */; };
		9E7828861E713FB000EF3B9C /* like.png in Resources */ = {isa = PBXBuildFile; fileRef = 9E7828851E713FB000EF3B9C /* like.png */; };
		9EDF642B1E76091E00FB2591 /* ColumnCell.swift in Sources */ = {isa = PBXBuildFile; fileRef = 9EDF642A1E76091E00FB2591 /* ColumnCell.swift */; };
		9EEAB7A61E710EC700E30178 /* discoverTab.png in Resources */ = {isa = PBXBuildFile; fileRef = 9EEAB7A51E710EC700E30178 /* discoverTab.png */; };
		9EEAB7A81E710ECE00E30178 /* iPetTab.png in Resources */ = {isa = PBXBuildFile; fileRef = 9EEAB7A71E710ECE00E30178 /* iPetTab.png */; };
		9EEAB7AE1E7113DC00E30178 /* star.png in Resources */ = {isa = PBXBuildFile; fileRef = 9EEAB7AD1E7113DC00E30178 /* star.png */; };
		A4A8A3331E6E713F000657E1 /* BreedTableViewCell.swift in Sources */ = {isa = PBXBuildFile; fileRef = A4A8A32F1E6E713F000657E1 /* BreedTableViewCell.swift */; };
		A4A8A3341E6E713F000657E1 /* ResultViewController.swift in Sources */ = {isa = PBXBuildFile; fileRef = A4A8A3301E6E713F000657E1 /* ResultViewController.swift */; };
		A4A8A3351E6E713F000657E1 /* StatsViewController.swift in Sources */ = {isa = PBXBuildFile; fileRef = A4A8A3311E6E713F000657E1 /* StatsViewController.swift */; };
		A4A8A3361E6E713F000657E1 /* SuggestionViewController.swift in Sources */ = {isa = PBXBuildFile; fileRef = A4A8A3321E6E713F000657E1 /* SuggestionViewController.swift */; };
		B3DE3718303685A0F0AC28FE /* Pods_WoofUITests.framework in Frameworks */ = {isa = PBXBuildFile; fileRef = 9AA79A7154CB0E70AED07ACA /* Pods_WoofUITests.framework */; };
		F701A652CB0884B0CD04CB0A /* Pods_WoofTests.framework in Frameworks */ = {isa = PBXBuildFile; fileRef = D8C1D9890B526C0947E28C55 /* Pods_WoofTests.framework */; };
/* End PBXBuildFile section */

/* Begin PBXContainerItemProxy section */
		076344991E415470001E20C9 /* PBXContainerItemProxy */ = {
			isa = PBXContainerItemProxy;
			containerPortal = 0763447A1E415470001E20C9 /* Project object */;
			proxyType = 1;
			remoteGlobalIDString = 076344811E415470001E20C9;
			remoteInfo = Woof;
		};
		076344A41E415470001E20C9 /* PBXContainerItemProxy */ = {
			isa = PBXContainerItemProxy;
			containerPortal = 0763447A1E415470001E20C9 /* Project object */;
			proxyType = 1;
			remoteGlobalIDString = 076344811E415470001E20C9;
			remoteInfo = Woof;
		};
/* End PBXContainerItemProxy section */

/* Begin PBXFileReference section */
		0314E5241E6FC43A00E73DF9 /* LaunchViewController.swift */ = {isa = PBXFileReference; fileEncoding = 4; lastKnownFileType = sourcecode.swift; path = LaunchViewController.swift; sourceTree = "<group>"; };
		0758A90D1E450B5B00BE9145 /* Rubik-Black.ttf */ = {isa = PBXFileReference; lastKnownFileType = file; path = "Rubik-Black.ttf"; sourceTree = "<group>"; };
		0758A90E1E450B5B00BE9145 /* Rubik-BlackItalic.ttf */ = {isa = PBXFileReference; lastKnownFileType = file; path = "Rubik-BlackItalic.ttf"; sourceTree = "<group>"; };
		0758A90F1E450B5B00BE9145 /* Rubik-Bold.ttf */ = {isa = PBXFileReference; lastKnownFileType = file; path = "Rubik-Bold.ttf"; sourceTree = "<group>"; };
		0758A9101E450B5B00BE9145 /* Rubik-BoldItalic.ttf */ = {isa = PBXFileReference; lastKnownFileType = file; path = "Rubik-BoldItalic.ttf"; sourceTree = "<group>"; };
		0758A9111E450B5B00BE9145 /* Rubik-Italic.ttf */ = {isa = PBXFileReference; lastKnownFileType = file; path = "Rubik-Italic.ttf"; sourceTree = "<group>"; };
		0758A9121E450B5B00BE9145 /* Rubik-Light.ttf */ = {isa = PBXFileReference; lastKnownFileType = file; path = "Rubik-Light.ttf"; sourceTree = "<group>"; };
		0758A9131E450B5B00BE9145 /* Rubik-LightItalic.ttf */ = {isa = PBXFileReference; lastKnownFileType = file; path = "Rubik-LightItalic.ttf"; sourceTree = "<group>"; };
		0758A9141E450B5B00BE9145 /* Rubik-Medium.ttf */ = {isa = PBXFileReference; lastKnownFileType = file; path = "Rubik-Medium.ttf"; sourceTree = "<group>"; };
		0758A9151E450B5B00BE9145 /* Rubik-MediumItalic.ttf */ = {isa = PBXFileReference; lastKnownFileType = file; path = "Rubik-MediumItalic.ttf"; sourceTree = "<group>"; };
		0758A9161E450B5B00BE9145 /* Rubik-Regular.ttf */ = {isa = PBXFileReference; lastKnownFileType = file; path = "Rubik-Regular.ttf"; sourceTree = "<group>"; };
		075FBD7E1E4D635D009ECE7C /* Breed.swift */ = {isa = PBXFileReference; fileEncoding = 4; lastKnownFileType = sourcecode.swift; name = Breed.swift; path = Woof/Breed.swift; sourceTree = SOURCE_ROOT; };
		075FBD7F1E4D635D009ECE7C /* Dog.swift */ = {isa = PBXFileReference; fileEncoding = 4; lastKnownFileType = sourcecode.swift; name = Dog.swift; path = Woof/Dog.swift; sourceTree = SOURCE_ROOT; };
		075FBD801E4D635D009ECE7C /* User.swift */ = {isa = PBXFileReference; fileEncoding = 4; lastKnownFileType = sourcecode.swift; name = User.swift; path = Woof/User.swift; sourceTree = SOURCE_ROOT; };
		076344821E415470001E20C9 /* Woof.app */ = {isa = PBXFileReference; explicitFileType = wrapper.application; includeInIndex = 0; path = Woof.app; sourceTree = BUILT_PRODUCTS_DIR; };
		076344851E415470001E20C9 /* AppDelegate.swift */ = {isa = PBXFileReference; lastKnownFileType = sourcecode.swift; path = AppDelegate.swift; sourceTree = "<group>"; };
		076344871E415470001E20C9 /* FirstViewController.swift */ = {isa = PBXFileReference; lastKnownFileType = sourcecode.swift; path = FirstViewController.swift; sourceTree = "<group>"; };
		0763448C1E415470001E20C9 /* Base */ = {isa = PBXFileReference; lastKnownFileType = file.storyboard; name = Base; path = Base.lproj/Main.storyboard; sourceTree = "<group>"; };
		076344911E415470001E20C9 /* Base */ = {isa = PBXFileReference; lastKnownFileType = file.storyboard; name = Base; path = Base.lproj/LaunchScreen.storyboard; sourceTree = "<group>"; };
		076344931E415470001E20C9 /* Info.plist */ = {isa = PBXFileReference; lastKnownFileType = text.plist.xml; path = Info.plist; sourceTree = "<group>"; };
		076344981E415470001E20C9 /* WoofTests.xctest */ = {isa = PBXFileReference; explicitFileType = wrapper.cfbundle; includeInIndex = 0; path = WoofTests.xctest; sourceTree = BUILT_PRODUCTS_DIR; };
		0763449C1E415470001E20C9 /* WoofTests.swift */ = {isa = PBXFileReference; lastKnownFileType = sourcecode.swift; path = WoofTests.swift; sourceTree = "<group>"; };
		0763449E1E415470001E20C9 /* Info.plist */ = {isa = PBXFileReference; lastKnownFileType = text.plist.xml; path = Info.plist; sourceTree = "<group>"; };
		076344A31E415470001E20C9 /* WoofUITests.xctest */ = {isa = PBXFileReference; explicitFileType = wrapper.cfbundle; includeInIndex = 0; path = WoofUITests.xctest; sourceTree = BUILT_PRODUCTS_DIR; };
		076344A71E415470001E20C9 /* WoofUITests.swift */ = {isa = PBXFileReference; lastKnownFileType = sourcecode.swift; path = WoofUITests.swift; sourceTree = "<group>"; };
		076344A91E415470001E20C9 /* Info.plist */ = {isa = PBXFileReference; lastKnownFileType = text.plist.xml; path = Info.plist; sourceTree = "<group>"; };
		076344B51E4154AE001E20C9 /* GoogleService-Info.plist */ = {isa = PBXFileReference; fileEncoding = 4; lastKnownFileType = text.plist.xml; path = "GoogleService-Info.plist"; sourceTree = "<group>"; };
		076344B91E415DC1001E20C9 /* FBSDKLoginKit.framework */ = {isa = PBXFileReference; lastKnownFileType = wrapper.framework; path = FBSDKLoginKit.framework; sourceTree = "<group>"; };
		076344BD1E416EA0001E20C9 /* LoginViewController.swift */ = {isa = PBXFileReference; fileEncoding = 4; lastKnownFileType = sourcecode.swift; path = LoginViewController.swift; sourceTree = "<group>"; };
		076A4D841E6E52E800ABFC98 /* OwnedDogCell.swift */ = {isa = PBXFileReference; fileEncoding = 4; lastKnownFileType = sourcecode.swift; path = OwnedDogCell.swift; sourceTree = "<group>"; };
		076A4D851E6E52E800ABFC98 /* OwnedDogDetailViewController.swift */ = {isa = PBXFileReference; fileEncoding = 4; lastKnownFileType = sourcecode.swift; path = OwnedDogDetailViewController.swift; sourceTree = "<group>"; };
		076A4D881E6E53C400ABFC98 /* NotificationViewController.swift */ = {isa = PBXFileReference; fileEncoding = 4; lastKnownFileType = sourcecode.swift; path = NotificationViewController.swift; sourceTree = "<group>"; };
		076A4D8A1E6E6CF300ABFC98 /* Assets.xcassets */ = {isa = PBXFileReference; lastKnownFileType = folder.assetcatalog; path = Assets.xcassets; sourceTree = "<group>"; };
		07AFF2271E6A55020089867C /* Base */ = {isa = PBXFileReference; lastKnownFileType = file.storyboard; name = Base; path = Base.lproj/Major.storyboard; sourceTree = "<group>"; };
		07AFF22B1E6A55D20089867C /* bacgroundHome.png */ = {isa = PBXFileReference; lastKnownFileType = image.png; path = bacgroundHome.png; sourceTree = "<group>"; };
		07AFF22C1E6A55D20089867C /* backgroundHome.jpg */ = {isa = PBXFileReference; lastKnownFileType = image.jpeg; path = backgroundHome.jpg; sourceTree = "<group>"; };
		07AFF22D1E6A55D20089867C /* backgroundHomeLarge.jpg */ = {isa = PBXFileReference; lastKnownFileType = image.jpeg; path = backgroundHomeLarge.jpg; sourceTree = "<group>"; };
		07AFF22E1E6A55D20089867C /* bone-flat.png */ = {isa = PBXFileReference; lastKnownFileType = image.png; path = "bone-flat.png"; sourceTree = "<group>"; };
		07AFF22F1E6A55D20089867C /* DetailViewController.swift */ = {isa = PBXFileReference; fileEncoding = 4; lastKnownFileType = sourcecode.swift; path = DetailViewController.swift; sourceTree = "<group>"; };
		07AFF2301E6A55D20089867C /* DogCell.swift */ = {isa = PBXFileReference; fileEncoding = 4; lastKnownFileType = sourcecode.swift; path = DogCell.swift; sourceTree = "<group>"; };
		07AFF2311E6A55D20089867C /* dogProfile.png */ = {isa = PBXFileReference; lastKnownFileType = image.png; path = dogProfile.png; sourceTree = "<group>"; };
		07AFF2321E6A55D20089867C /* DogProfile.swift */ = {isa = PBXFileReference; fileEncoding = 4; lastKnownFileType = sourcecode.swift; path = DogProfile.swift; sourceTree = "<group>"; };
		07AFF2331E6A55D20089867C /* FilterTableViewController.swift */ = {isa = PBXFileReference; fileEncoding = 4; lastKnownFileType = sourcecode.swift; path = FilterTableViewController.swift; sourceTree = "<group>"; };
		07AFF2341E6A55D20089867C /* homepageGradient.jpg */ = {isa = PBXFileReference; lastKnownFileType = image.jpeg; path = homepageGradient.jpg; sourceTree = "<group>"; };
		07AFF2351E6A55D20089867C /* HomepageViewController.swift */ = {isa = PBXFileReference; fileEncoding = 4; lastKnownFileType = sourcecode.swift; path = HomepageViewController.swift; sourceTree = "<group>"; };
		07AFF2361E6A55D20089867C /* iconDogButton.png */ = {isa = PBXFileReference; lastKnownFileType = image.png; path = iconDogButton.png; sourceTree = "<group>"; };
		07AFF2371E6A55D20089867C /* IPetViewController.swift */ = {isa = PBXFileReference; fileEncoding = 4; lastKnownFileType = sourcecode.swift; path = IPetViewController.swift; sourceTree = "<group>"; };
		07AFF2381E6A55D20089867C /* loginLogo.png */ = {isa = PBXFileReference; lastKnownFileType = image.png; path = loginLogo.png; sourceTree = "<group>"; };
		07AFF2391E6A55D20089867C /* logo.jpg */ = {isa = PBXFileReference; lastKnownFileType = image.jpeg; path = logo.jpg; sourceTree = "<group>"; };
		07AFF23A1E6A55D20089867C /* ProfileViewController.swift */ = {isa = PBXFileReference; fileEncoding = 4; lastKnownFileType = sourcecode.swift; path = ProfileViewController.swift; sourceTree = "<group>"; };
		07AFF23B1E6A55D20089867C /* Pulsing.swift */ = {isa = PBXFileReference; fileEncoding = 4; lastKnownFileType = sourcecode.swift; path = Pulsing.swift; sourceTree = "<group>"; };
		07AFF23C1E6A55D20089867C /* SearchTableViewController.swift */ = {isa = PBXFileReference; fileEncoding = 4; lastKnownFileType = sourcecode.swift; path = SearchTableViewController.swift; sourceTree = "<group>"; };
		07B4D74B1E56A13200DA6A2C /* DataAccessObject.swift */ = {isa = PBXFileReference; fileEncoding = 4; lastKnownFileType = sourcecode.swift; path = DataAccessObject.swift; sourceTree = "<group>"; };
		07B4D74D1E56A21200DA6A2C /* Functionalities.swift */ = {isa = PBXFileReference; fileEncoding = 4; lastKnownFileType = sourcecode.swift; path = Functionalities.swift; sourceTree = "<group>"; };
		155EBE63D3C365708CD5B5D5 /* Pods-WoofUITests.release.xcconfig */ = {isa = PBXFileReference; includeInIndex = 1; lastKnownFileType = text.xcconfig; name = "Pods-WoofUITests.release.xcconfig"; path = "Pods/Target Support Files/Pods-WoofUITests/Pods-WoofUITests.release.xcconfig"; sourceTree = "<group>"; };
		2B9FF199C9CAEB89DFB8BD0B /* Pods_Woof.framework */ = {isa = PBXFileReference; explicitFileType = wrapper.framework; includeInIndex = 0; path = Pods_Woof.framework; sourceTree = BUILT_PRODUCTS_DIR; };
		2F1D1E8E1E726833001DDFBD /* FilterResultViewController.swift */ = {isa = PBXFileReference; fileEncoding = 4; lastKnownFileType = sourcecode.swift; path = FilterResultViewController.swift; sourceTree = "<group>"; };
		2FBB4B641E75D50A001FD150 /* backgroundHomeLarge-shade.jpg */ = {isa = PBXFileReference; lastKnownFileType = image.jpeg; path = "backgroundHomeLarge-shade.jpg"; sourceTree = "<group>"; };
		2FD7622F1E73CDB500E315D0 /* LikedViewController.swift */ = {isa = PBXFileReference; fileEncoding = 4; lastKnownFileType = sourcecode.swift; path = LikedViewController.swift; sourceTree = "<group>"; };
		2FFCB09A1E7271DB00B4D6E9 /* AddDogViewController.swift */ = {isa = PBXFileReference; fileEncoding = 4; lastKnownFileType = sourcecode.swift; path = AddDogViewController.swift; sourceTree = "<group>"; };
		417FEE35B18CEC60476A1012 /* Pods-WoofTests.release.xcconfig */ = {isa = PBXFileReference; includeInIndex = 1; lastKnownFileType = text.xcconfig; name = "Pods-WoofTests.release.xcconfig"; path = "Pods/Target Support Files/Pods-WoofTests/Pods-WoofTests.release.xcconfig"; sourceTree = "<group>"; };
		6E144974F62DFDBD7A02E026 /* Pods-Woof.debug.xcconfig */ = {isa = PBXFileReference; includeInIndex = 1; lastKnownFileType = text.xcconfig; name = "Pods-Woof.debug.xcconfig"; path = "Pods/Target Support Files/Pods-Woof/Pods-Woof.debug.xcconfig"; sourceTree = "<group>"; };
		73C8B1641E72FA6A00185C8B /* SystemConfiguration.framework */ = {isa = PBXFileReference; lastKnownFileType = wrapper.framework; name = SystemConfiguration.framework; path = System/Library/Frameworks/SystemConfiguration.framework; sourceTree = SDKROOT; };
		73C8B1661E72FA7300185C8B /* AddressBook.framework */ = {isa = PBXFileReference; lastKnownFileType = wrapper.framework; name = AddressBook.framework; path = System/Library/Frameworks/AddressBook.framework; sourceTree = SDKROOT; };
		73C8B1681E72FAF700185C8B /* Woof-Bridging-Header.h */ = {isa = PBXFileReference; lastKnownFileType = sourcecode.c.h; path = "Woof-Bridging-Header.h"; sourceTree = "<group>"; };
		73C8B1691E73014800185C8B /* GoogleSignIn.bundle */ = {isa = PBXFileReference; lastKnownFileType = "wrapper.plug-in"; name = GoogleSignIn.bundle; path = ../../../Downloads/google_signin_sdk_2_1_0/GoogleSignIn.bundle; sourceTree = "<group>"; };
		73C8B16A1E73014800185C8B /* GoogleSignIn.framework */ = {isa = PBXFileReference; lastKnownFileType = wrapper.framework; name = GoogleSignIn.framework; path = ../../../Downloads/google_signin_sdk_2_1_0/GoogleSignIn.framework; sourceTree = "<group>"; };
		7717C3F7724CB21AC5305E61 /* Pods-WoofTests.debug.xcconfig */ = {isa = PBXFileReference; includeInIndex = 1; lastKnownFileType = text.xcconfig; name = "Pods-WoofTests.debug.xcconfig"; path = "Pods/Target Support Files/Pods-WoofTests/Pods-WoofTests.debug.xcconfig"; sourceTree = "<group>"; };
		9AA79A7154CB0E70AED07ACA /* Pods_WoofUITests.framework */ = {isa = PBXFileReference; explicitFileType = wrapper.framework; includeInIndex = 0; path = Pods_WoofUITests.framework; sourceTree = BUILT_PRODUCTS_DIR; };
		9E7828831E713FB000EF3B9C /* unlike.png */ = {isa = PBXFileReference; lastKnownFileType = image.png; path = unlike.png; sourceTree = "<group>"; };
		9E7828851E713FB000EF3B9C /* like.png */ = {isa = PBXFileReference; lastKnownFileType = image.png; path = like.png; sourceTree = "<group>"; };
		9EDF642A1E76091E00FB2591 /* ColumnCell.swift */ = {isa = PBXFileReference; fileEncoding = 4; lastKnownFileType = sourcecode.swift; path = ColumnCell.swift; sourceTree = "<group>"; };
		9EEAB7A51E710EC700E30178 /* discoverTab.png */ = {isa = PBXFileReference; lastKnownFileType = image.png; path = discoverTab.png; sourceTree = "<group>"; };
		9EEAB7A71E710ECE00E30178 /* iPetTab.png */ = {isa = PBXFileReference; lastKnownFileType = image.png; path = iPetTab.png; sourceTree = "<group>"; };
		9EEAB7AD1E7113DC00E30178 /* star.png */ = {isa = PBXFileReference; lastKnownFileType = image.png; path = star.png; sourceTree = "<group>"; };
		A4A8A32F1E6E713F000657E1 /* BreedTableViewCell.swift */ = {isa = PBXFileReference; fileEncoding = 4; lastKnownFileType = sourcecode.swift; path = BreedTableViewCell.swift; sourceTree = "<group>"; };
		A4A8A3301E6E713F000657E1 /* ResultViewController.swift */ = {isa = PBXFileReference; fileEncoding = 4; lastKnownFileType = sourcecode.swift; path = ResultViewController.swift; sourceTree = "<group>"; };
		A4A8A3311E6E713F000657E1 /* StatsViewController.swift */ = {isa = PBXFileReference; fileEncoding = 4; lastKnownFileType = sourcecode.swift; path = StatsViewController.swift; sourceTree = "<group>"; };
		A4A8A3321E6E713F000657E1 /* SuggestionViewController.swift */ = {isa = PBXFileReference; fileEncoding = 4; lastKnownFileType = sourcecode.swift; path = SuggestionViewController.swift; sourceTree = "<group>"; };
		B68EEE3B2DF22BD21798D3A1 /* Pods-Woof.release.xcconfig */ = {isa = PBXFileReference; includeInIndex = 1; lastKnownFileType = text.xcconfig; name = "Pods-Woof.release.xcconfig"; path = "Pods/Target Support Files/Pods-Woof/Pods-Woof.release.xcconfig"; sourceTree = "<group>"; };
		D2D8ECD82229FD1CD3083EC0 /* Pods-WoofUITests.debug.xcconfig */ = {isa = PBXFileReference; includeInIndex = 1; lastKnownFileType = text.xcconfig; name = "Pods-WoofUITests.debug.xcconfig"; path = "Pods/Target Support Files/Pods-WoofUITests/Pods-WoofUITests.debug.xcconfig"; sourceTree = "<group>"; };
		D8C1D9890B526C0947E28C55 /* Pods_WoofTests.framework */ = {isa = PBXFileReference; explicitFileType = wrapper.framework; includeInIndex = 0; path = Pods_WoofTests.framework; sourceTree = BUILT_PRODUCTS_DIR; };
/* End PBXFileReference section */

/* Begin PBXFrameworksBuildPhase section */
		0763447F1E415470001E20C9 /* Frameworks */ = {
			isa = PBXFrameworksBuildPhase;
			buildActionMask = 2147483647;
			files = (
				73C8B16B1E73014800185C8B /* GoogleSignIn.bundle in Frameworks */,
				73C8B16C1E73014800185C8B /* GoogleSignIn.framework in Frameworks */,
				73C8B1671E72FA7300185C8B /* AddressBook.framework in Frameworks */,
				73C8B1651E72FA6A00185C8B /* SystemConfiguration.framework in Frameworks */,
				076344BA1E415DC1001E20C9 /* FBSDKLoginKit.framework in Frameworks */,
				58C3A872E1D87A2AA2091BAF /* Pods_Woof.framework in Frameworks */,
			);
			runOnlyForDeploymentPostprocessing = 0;
		};
		076344951E415470001E20C9 /* Frameworks */ = {
			isa = PBXFrameworksBuildPhase;
			buildActionMask = 2147483647;
			files = (
				076344BB1E415DC1001E20C9 /* FBSDKLoginKit.framework in Frameworks */,
				F701A652CB0884B0CD04CB0A /* Pods_WoofTests.framework in Frameworks */,
			);
			runOnlyForDeploymentPostprocessing = 0;
		};
		076344A01E415470001E20C9 /* Frameworks */ = {
			isa = PBXFrameworksBuildPhase;
			buildActionMask = 2147483647;
			files = (
				076344BC1E415DC1001E20C9 /* FBSDKLoginKit.framework in Frameworks */,
				B3DE3718303685A0F0AC28FE /* Pods_WoofUITests.framework in Frameworks */,
			);
			runOnlyForDeploymentPostprocessing = 0;
		};
/* End PBXFrameworksBuildPhase section */

/* Begin PBXGroup section */
		0758A9211E450B6700BE9145 /* Fonts */ = {
			isa = PBXGroup;
			children = (
				0758A90D1E450B5B00BE9145 /* Rubik-Black.ttf */,
				0758A90E1E450B5B00BE9145 /* Rubik-BlackItalic.ttf */,
				0758A90F1E450B5B00BE9145 /* Rubik-Bold.ttf */,
				0758A9101E450B5B00BE9145 /* Rubik-BoldItalic.ttf */,
				0758A9111E450B5B00BE9145 /* Rubik-Italic.ttf */,
				0758A9121E450B5B00BE9145 /* Rubik-Light.ttf */,
				0758A9131E450B5B00BE9145 /* Rubik-LightItalic.ttf */,
				0758A9141E450B5B00BE9145 /* Rubik-Medium.ttf */,
				0758A9151E450B5B00BE9145 /* Rubik-MediumItalic.ttf */,
				0758A9161E450B5B00BE9145 /* Rubik-Regular.ttf */,
			);
			name = Fonts;
			sourceTree = "<group>";
		};
		075FBD841E4D636E009ECE7C /* Classes */ = {
			isa = PBXGroup;
			children = (
				07B4D74D1E56A21200DA6A2C /* Functionalities.swift */,
				07AFF23B1E6A55D20089867C /* Pulsing.swift */,
				07AFF2321E6A55D20089867C /* DogProfile.swift */,
				07AFF2301E6A55D20089867C /* DogCell.swift */,
				07B4D74B1E56A13200DA6A2C /* DataAccessObject.swift */,
				075FBD7F1E4D635D009ECE7C /* Dog.swift */,
				075FBD7E1E4D635D009ECE7C /* Breed.swift */,
				075FBD801E4D635D009ECE7C /* User.swift */,
			);
			name = Classes;
			sourceTree = "<group>";
		};
		076344791E415470001E20C9 = {
			isa = PBXGroup;
			children = (
				73C8B1681E72FAF700185C8B /* Woof-Bridging-Header.h */,
				076344841E415470001E20C9 /* Woof */,
				0763449B1E415470001E20C9 /* WoofTests */,
				076344A61E415470001E20C9 /* WoofUITests */,
				076344831E415470001E20C9 /* Products */,
				4764C244E1F550767016166C /* Pods */,
				5E0C5CD82285AEFBF1A756DA /* Frameworks */,
			);
			sourceTree = "<group>";
		};
		076344831E415470001E20C9 /* Products */ = {
			isa = PBXGroup;
			children = (
				076344821E415470001E20C9 /* Woof.app */,
				076344981E415470001E20C9 /* WoofTests.xctest */,
				076344A31E415470001E20C9 /* WoofUITests.xctest */,
			);
			name = Products;
			sourceTree = "<group>";
		};
		076344841E415470001E20C9 /* Woof */ = {
			isa = PBXGroup;
			children = (
				07AFF27D1E6A61590089867C /* Pics */,
				0758A9211E450B6700BE9145 /* Fonts */,
				076344851E415470001E20C9 /* AppDelegate.swift */,
				07DD8C861E51089D009A953A /* Controller */,
				075FBD841E4D636E009ECE7C /* Classes */,
				0763448B1E415470001E20C9 /* Main.storyboard */,
				07AFF2261E6A55020089867C /* Major.storyboard */,
				076344901E415470001E20C9 /* LaunchScreen.storyboard */,
				076A4D8A1E6E6CF300ABFC98 /* Assets.xcassets */,
				076344931E415470001E20C9 /* Info.plist */,
				076344B51E4154AE001E20C9 /* GoogleService-Info.plist */,
			);
			path = Woof;
			sourceTree = "<group>";
		};
		0763449B1E415470001E20C9 /* WoofTests */ = {
			isa = PBXGroup;
			children = (
				0763449C1E415470001E20C9 /* WoofTests.swift */,
				0763449E1E415470001E20C9 /* Info.plist */,
			);
			path = WoofTests;
			sourceTree = "<group>";
		};
		076344A61E415470001E20C9 /* WoofUITests */ = {
			isa = PBXGroup;
			children = (
				076344A71E415470001E20C9 /* WoofUITests.swift */,
				076344A91E415470001E20C9 /* Info.plist */,
			);
			path = WoofUITests;
			sourceTree = "<group>";
		};
		07AFF27D1E6A61590089867C /* Pics */ = {
			isa = PBXGroup;
			children = (
				2FBB4B641E75D50A001FD150 /* backgroundHomeLarge-shade.jpg */,
				07AFF22B1E6A55D20089867C /* bacgroundHome.png */,
				07AFF22C1E6A55D20089867C /* backgroundHome.jpg */,
				9E7828831E713FB000EF3B9C /* unlike.png */,
				9E7828851E713FB000EF3B9C /* like.png */,
				07AFF22D1E6A55D20089867C /* backgroundHomeLarge.jpg */,
				9EEAB7AD1E7113DC00E30178 /* star.png */,
				9EEAB7A71E710ECE00E30178 /* iPetTab.png */,
				07AFF22E1E6A55D20089867C /* bone-flat.png */,
				9EEAB7A51E710EC700E30178 /* discoverTab.png */,
				07AFF2311E6A55D20089867C /* dogProfile.png */,
				07AFF2341E6A55D20089867C /* homepageGradient.jpg */,
				07AFF2361E6A55D20089867C /* iconDogButton.png */,
				07AFF2381E6A55D20089867C /* loginLogo.png */,
				07AFF2391E6A55D20089867C /* logo.jpg */,
			);
			name = Pics;
			sourceTree = "<group>";
		};
		07DD8C861E51089D009A953A /* Controller */ = {
			isa = PBXGroup;
			children = (
				07AFF22F1E6A55D20089867C /* DetailViewController.swift */,
				9EDF642A1E76091E00FB2591 /* ColumnCell.swift */,
				07AFF23C1E6A55D20089867C /* SearchTableViewController.swift */,
				07AFF23A1E6A55D20089867C /* ProfileViewController.swift */,
				07AFF2371E6A55D20089867C /* IPetViewController.swift */,
				076A4D881E6E53C400ABFC98 /* NotificationViewController.swift */,
				076A4D841E6E52E800ABFC98 /* OwnedDogCell.swift */,
				076A4D851E6E52E800ABFC98 /* OwnedDogDetailViewController.swift */,
				07AFF2351E6A55D20089867C /* HomepageViewController.swift */,
				076344BD1E416EA0001E20C9 /* LoginViewController.swift */,
				07AFF2331E6A55D20089867C /* FilterTableViewController.swift */,
				076344871E415470001E20C9 /* FirstViewController.swift */,
				A4A8A32F1E6E713F000657E1 /* BreedTableViewCell.swift */,
				A4A8A3301E6E713F000657E1 /* ResultViewController.swift */,
				A4A8A3311E6E713F000657E1 /* StatsViewController.swift */,
				A4A8A3321E6E713F000657E1 /* SuggestionViewController.swift */,
				0314E5241E6FC43A00E73DF9 /* LaunchViewController.swift */,
				2F1D1E8E1E726833001DDFBD /* FilterResultViewController.swift */,
				2FFCB09A1E7271DB00B4D6E9 /* AddDogViewController.swift */,
				2FD7622F1E73CDB500E315D0 /* LikedViewController.swift */,
			);
			name = Controller;
			sourceTree = "<group>";
		};
		4764C244E1F550767016166C /* Pods */ = {
			isa = PBXGroup;
			children = (
				6E144974F62DFDBD7A02E026 /* Pods-Woof.debug.xcconfig */,
				B68EEE3B2DF22BD21798D3A1 /* Pods-Woof.release.xcconfig */,
				7717C3F7724CB21AC5305E61 /* Pods-WoofTests.debug.xcconfig */,
				417FEE35B18CEC60476A1012 /* Pods-WoofTests.release.xcconfig */,
				D2D8ECD82229FD1CD3083EC0 /* Pods-WoofUITests.debug.xcconfig */,
				155EBE63D3C365708CD5B5D5 /* Pods-WoofUITests.release.xcconfig */,
			);
			name = Pods;
			sourceTree = "<group>";
		};
		5E0C5CD82285AEFBF1A756DA /* Frameworks */ = {
			isa = PBXGroup;
			children = (
				73C8B1691E73014800185C8B /* GoogleSignIn.bundle */,
				73C8B16A1E73014800185C8B /* GoogleSignIn.framework */,
				73C8B1661E72FA7300185C8B /* AddressBook.framework */,
				73C8B1641E72FA6A00185C8B /* SystemConfiguration.framework */,
				076344B91E415DC1001E20C9 /* FBSDKLoginKit.framework */,
				2B9FF199C9CAEB89DFB8BD0B /* Pods_Woof.framework */,
				D8C1D9890B526C0947E28C55 /* Pods_WoofTests.framework */,
				9AA79A7154CB0E70AED07ACA /* Pods_WoofUITests.framework */,
			);
			name = Frameworks;
			sourceTree = "<group>";
		};
/* End PBXGroup section */

/* Begin PBXNativeTarget section */
		076344811E415470001E20C9 /* Woof */ = {
			isa = PBXNativeTarget;
			buildConfigurationList = 076344AC1E415470001E20C9 /* Build configuration list for PBXNativeTarget "Woof" */;
			buildPhases = (
				2FF161CC9F418093EC40B5A3 /* [CP] Check Pods Manifest.lock */,
				0763447E1E415470001E20C9 /* Sources */,
				0763447F1E415470001E20C9 /* Frameworks */,
				076344801E415470001E20C9 /* Resources */,
				A2BD44FD67F3A8642B4AA8F2 /* [CP] Embed Pods Frameworks */,
				DA6C9E8DFF61F8D514FBEE55 /* [CP] Copy Pods Resources */,
			);
			buildRules = (
			);
			dependencies = (
			);
			name = Woof;
			productName = Woof;
			productReference = 076344821E415470001E20C9 /* Woof.app */;
			productType = "com.apple.product-type.application";
		};
		076344971E415470001E20C9 /* WoofTests */ = {
			isa = PBXNativeTarget;
			buildConfigurationList = 076344AF1E415470001E20C9 /* Build configuration list for PBXNativeTarget "WoofTests" */;
			buildPhases = (
				3B12311206325CC173BF8BF9 /* [CP] Check Pods Manifest.lock */,
				076344941E415470001E20C9 /* Sources */,
				076344951E415470001E20C9 /* Frameworks */,
				076344961E415470001E20C9 /* Resources */,
				C4940B9C9F0C44339A201440 /* [CP] Embed Pods Frameworks */,
				9228A42C1E219CBD33EB80E2 /* [CP] Copy Pods Resources */,
			);
			buildRules = (
			);
			dependencies = (
				0763449A1E415470001E20C9 /* PBXTargetDependency */,
			);
			name = WoofTests;
			productName = WoofTests;
			productReference = 076344981E415470001E20C9 /* WoofTests.xctest */;
			productType = "com.apple.product-type.bundle.unit-test";
		};
		076344A21E415470001E20C9 /* WoofUITests */ = {
			isa = PBXNativeTarget;
			buildConfigurationList = 076344B21E415470001E20C9 /* Build configuration list for PBXNativeTarget "WoofUITests" */;
			buildPhases = (
				506683CE4D9198609FCD81CF /* [CP] Check Pods Manifest.lock */,
				0763449F1E415470001E20C9 /* Sources */,
				076344A01E415470001E20C9 /* Frameworks */,
				076344A11E415470001E20C9 /* Resources */,
				8F662FF63E47816D1B5FF353 /* [CP] Embed Pods Frameworks */,
				FBDDB47848B2CCBC771278C2 /* [CP] Copy Pods Resources */,
			);
			buildRules = (
			);
			dependencies = (
				076344A51E415470001E20C9 /* PBXTargetDependency */,
			);
			name = WoofUITests;
			productName = WoofUITests;
			productReference = 076344A31E415470001E20C9 /* WoofUITests.xctest */;
			productType = "com.apple.product-type.bundle.ui-testing";
		};
/* End PBXNativeTarget section */

/* Begin PBXProject section */
		0763447A1E415470001E20C9 /* Project object */ = {
			isa = PBXProject;
			attributes = {
				KnownAssetTags = (
					2,
				);
				LastSwiftUpdateCheck = 0820;
				LastUpgradeCheck = 0820;
				ORGANIZATIONNAME = Woof;
				TargetAttributes = {
					076344811E415470001E20C9 = {
						CreatedOnToolsVersion = 8.2.1;
						DevelopmentTeam = LH4VKZ7XT2;
						ProvisioningStyle = Automatic;
						SystemCapabilities = {
							com.apple.Maps.iOS = {
								enabled = 0;
							};
						};
					};
					076344971E415470001E20C9 = {
						CreatedOnToolsVersion = 8.2.1;
						DevelopmentTeam = 55L773VGHV;
						ProvisioningStyle = Automatic;
						TestTargetID = 076344811E415470001E20C9;
					};
					076344A21E415470001E20C9 = {
						CreatedOnToolsVersion = 8.2.1;
						DevelopmentTeam = 55L773VGHV;
						ProvisioningStyle = Automatic;
						TestTargetID = 076344811E415470001E20C9;
					};
				};
			};
			buildConfigurationList = 0763447D1E415470001E20C9 /* Build configuration list for PBXProject "Woof" */;
			compatibilityVersion = "Xcode 3.2";
			developmentRegion = English;
			hasScannedForEncodings = 0;
			knownRegions = (
				en,
				Base,
			);
			mainGroup = 076344791E415470001E20C9;
			productRefGroup = 076344831E415470001E20C9 /* Products */;
			projectDirPath = "";
			projectRoot = "";
			targets = (
				076344811E415470001E20C9 /* Woof */,
				076344971E415470001E20C9 /* WoofTests */,
				076344A21E415470001E20C9 /* WoofUITests */,
			);
		};
/* End PBXProject section */

/* Begin PBXResourcesBuildPhase section */
		076344801E415470001E20C9 /* Resources */ = {
			isa = PBXResourcesBuildPhase;
			buildActionMask = 2147483647;
			files = (
				2FBB4B651E75D50A001FD150 /* backgroundHomeLarge-shade.jpg in Resources */,
				076344921E415470001E20C9 /* LaunchScreen.storyboard in Resources */,
				9E7828841E713FB000EF3B9C /* unlike.png in Resources */,
				0758A9201E450B5B00BE9145 /* Rubik-Regular.ttf in Resources */,
				9EEAB7AE1E7113DC00E30178 /* star.png in Resources */,
				07AFF2411E6A55D20089867C /* backgroundHome.jpg in Resources */,
				07AFF23E1E6A55D20089867C /* bacgroundHome.png in Resources */,
				0758A91A1E450B5B00BE9145 /* Rubik-BoldItalic.ttf in Resources */,
				076344B61E4154AE001E20C9 /* GoogleService-Info.plist in Resources */,
				07AFF2441E6A55D20089867C /* backgroundHomeLarge.jpg in Resources */,
				0758A91E1E450B5B00BE9145 /* Rubik-Medium.ttf in Resources */,
				07AFF2501E6A55D20089867C /* dogProfile.png in Resources */,
				07AFF2591E6A55D20089867C /* homepageGradient.jpg in Resources */,
				0758A91D1E450B5B00BE9145 /* Rubik-LightItalic.ttf in Resources */,
				0758A9181E450B5B00BE9145 /* Rubik-BlackItalic.ttf in Resources */,
				07AFF2281E6A55020089867C /* Major.storyboard in Resources */,
				9EEAB7A81E710ECE00E30178 /* iPetTab.png in Resources */,
				0758A91B1E450B5B00BE9145 /* Rubik-Italic.ttf in Resources */,
				07AFF25F1E6A55D20089867C /* iconDogButton.png in Resources */,
				07AFF2681E6A55D20089867C /* logo.jpg in Resources */,
				0758A9191E450B5B00BE9145 /* Rubik-Bold.ttf in Resources */,
				07AFF2471E6A55D20089867C /* bone-flat.png in Resources */,
				0758A91F1E450B5B00BE9145 /* Rubik-MediumItalic.ttf in Resources */,
				0758A91C1E450B5B00BE9145 /* Rubik-Light.ttf in Resources */,
				0758A9171E450B5B00BE9145 /* Rubik-Black.ttf in Resources */,
				0763448D1E415470001E20C9 /* Main.storyboard in Resources */,
				9E7828861E713FB000EF3B9C /* like.png in Resources */,
				076A4D8B1E6E6CF300ABFC98 /* Assets.xcassets in Resources */,
				07AFF2651E6A55D20089867C /* loginLogo.png in Resources */,
				9EEAB7A61E710EC700E30178 /* discoverTab.png in Resources */,
			);
			runOnlyForDeploymentPostprocessing = 0;
		};
		076344961E415470001E20C9 /* Resources */ = {
			isa = PBXResourcesBuildPhase;
			buildActionMask = 2147483647;
			files = (
				07AFF2661E6A55D20089867C /* loginLogo.png in Resources */,
				07AFF2481E6A55D20089867C /* bone-flat.png in Resources */,
				07AFF2691E6A55D20089867C /* logo.jpg in Resources */,
				07AFF23F1E6A55D20089867C /* bacgroundHome.png in Resources */,
				07AFF2291E6A55020089867C /* Major.storyboard in Resources */,
				07AFF2451E6A55D20089867C /* backgroundHomeLarge.jpg in Resources */,
				07AFF2421E6A55D20089867C /* backgroundHome.jpg in Resources */,
				076344B71E4154AE001E20C9 /* GoogleService-Info.plist in Resources */,
				07AFF2511E6A55D20089867C /* dogProfile.png in Resources */,
				07AFF25A1E6A55D20089867C /* homepageGradient.jpg in Resources */,
				07AFF2601E6A55D20089867C /* iconDogButton.png in Resources */,
			);
			runOnlyForDeploymentPostprocessing = 0;
		};
		076344A11E415470001E20C9 /* Resources */ = {
			isa = PBXResourcesBuildPhase;
			buildActionMask = 2147483647;
			files = (
				07AFF2671E6A55D20089867C /* loginLogo.png in Resources */,
				07AFF2491E6A55D20089867C /* bone-flat.png in Resources */,
				07AFF26A1E6A55D20089867C /* logo.jpg in Resources */,
				07AFF2401E6A55D20089867C /* bacgroundHome.png in Resources */,
				07AFF22A1E6A55020089867C /* Major.storyboard in Resources */,
				07AFF2461E6A55D20089867C /* backgroundHomeLarge.jpg in Resources */,
				07AFF2431E6A55D20089867C /* backgroundHome.jpg in Resources */,
				076344B81E4154AE001E20C9 /* GoogleService-Info.plist in Resources */,
				07AFF2521E6A55D20089867C /* dogProfile.png in Resources */,
				07AFF25B1E6A55D20089867C /* homepageGradient.jpg in Resources */,
				07AFF2611E6A55D20089867C /* iconDogButton.png in Resources */,
			);
			runOnlyForDeploymentPostprocessing = 0;
		};
/* End PBXResourcesBuildPhase section */

/* Begin PBXShellScriptBuildPhase section */
		2FF161CC9F418093EC40B5A3 /* [CP] Check Pods Manifest.lock */ = {
			isa = PBXShellScriptBuildPhase;
			buildActionMask = 2147483647;
			files = (
			);
			inputPaths = (
			);
			name = "[CP] Check Pods Manifest.lock";
			outputPaths = (
			);
			runOnlyForDeploymentPostprocessing = 0;
			shellPath = /bin/sh;
			shellScript = "diff \"${PODS_ROOT}/../Podfile.lock\" \"${PODS_ROOT}/Manifest.lock\" > /dev/null\nif [ $? != 0 ] ; then\n    # print error to STDERR\n    echo \"error: The sandbox is not in sync with the Podfile.lock. Run 'pod install' or update your CocoaPods installation.\" >&2\n    exit 1\nfi\n";
			showEnvVarsInLog = 0;
		};
		3B12311206325CC173BF8BF9 /* [CP] Check Pods Manifest.lock */ = {
			isa = PBXShellScriptBuildPhase;
			buildActionMask = 2147483647;
			files = (
			);
			inputPaths = (
			);
			name = "[CP] Check Pods Manifest.lock";
			outputPaths = (
			);
			runOnlyForDeploymentPostprocessing = 0;
			shellPath = /bin/sh;
			shellScript = "diff \"${PODS_ROOT}/../Podfile.lock\" \"${PODS_ROOT}/Manifest.lock\" > /dev/null\nif [ $? != 0 ] ; then\n    # print error to STDERR\n    echo \"error: The sandbox is not in sync with the Podfile.lock. Run 'pod install' or update your CocoaPods installation.\" >&2\n    exit 1\nfi\n";
			showEnvVarsInLog = 0;
		};
		506683CE4D9198609FCD81CF /* [CP] Check Pods Manifest.lock */ = {
			isa = PBXShellScriptBuildPhase;
			buildActionMask = 2147483647;
			files = (
			);
			inputPaths = (
			);
			name = "[CP] Check Pods Manifest.lock";
			outputPaths = (
			);
			runOnlyForDeploymentPostprocessing = 0;
			shellPath = /bin/sh;
			shellScript = "diff \"${PODS_ROOT}/../Podfile.lock\" \"${PODS_ROOT}/Manifest.lock\" > /dev/null\nif [ $? != 0 ] ; then\n    # print error to STDERR\n    echo \"error: The sandbox is not in sync with the Podfile.lock. Run 'pod install' or update your CocoaPods installation.\" >&2\n    exit 1\nfi\n";
			showEnvVarsInLog = 0;
		};
		8F662FF63E47816D1B5FF353 /* [CP] Embed Pods Frameworks */ = {
			isa = PBXShellScriptBuildPhase;
			buildActionMask = 2147483647;
			files = (
			);
			inputPaths = (
			);
			name = "[CP] Embed Pods Frameworks";
			outputPaths = (
			);
			runOnlyForDeploymentPostprocessing = 0;
			shellPath = /bin/sh;
			shellScript = "\"${SRCROOT}/Pods/Target Support Files/Pods-WoofUITests/Pods-WoofUITests-frameworks.sh\"\n";
			showEnvVarsInLog = 0;
		};
		9228A42C1E219CBD33EB80E2 /* [CP] Copy Pods Resources */ = {
			isa = PBXShellScriptBuildPhase;
			buildActionMask = 2147483647;
			files = (
			);
			inputPaths = (
			);
			name = "[CP] Copy Pods Resources";
			outputPaths = (
			);
			runOnlyForDeploymentPostprocessing = 0;
			shellPath = /bin/sh;
			shellScript = "\"${SRCROOT}/Pods/Target Support Files/Pods-WoofTests/Pods-WoofTests-resources.sh\"\n";
			showEnvVarsInLog = 0;
		};
		A2BD44FD67F3A8642B4AA8F2 /* [CP] Embed Pods Frameworks */ = {
			isa = PBXShellScriptBuildPhase;
			buildActionMask = 2147483647;
			files = (
			);
			inputPaths = (
			);
			name = "[CP] Embed Pods Frameworks";
			outputPaths = (
			);
			runOnlyForDeploymentPostprocessing = 0;
			shellPath = /bin/sh;
			shellScript = "\"${SRCROOT}/Pods/Target Support Files/Pods-Woof/Pods-Woof-frameworks.sh\"\n";
			showEnvVarsInLog = 0;
		};
		C4940B9C9F0C44339A201440 /* [CP] Embed Pods Frameworks */ = {
			isa = PBXShellScriptBuildPhase;
			buildActionMask = 2147483647;
			files = (
			);
			inputPaths = (
			);
			name = "[CP] Embed Pods Frameworks";
			outputPaths = (
			);
			runOnlyForDeploymentPostprocessing = 0;
			shellPath = /bin/sh;
			shellScript = "\"${SRCROOT}/Pods/Target Support Files/Pods-WoofTests/Pods-WoofTests-frameworks.sh\"\n";
			showEnvVarsInLog = 0;
		};
		DA6C9E8DFF61F8D514FBEE55 /* [CP] Copy Pods Resources */ = {
			isa = PBXShellScriptBuildPhase;
			buildActionMask = 2147483647;
			files = (
			);
			inputPaths = (
			);
			name = "[CP] Copy Pods Resources";
			outputPaths = (
			);
			runOnlyForDeploymentPostprocessing = 0;
			shellPath = /bin/sh;
			shellScript = "\"${SRCROOT}/Pods/Target Support Files/Pods-Woof/Pods-Woof-resources.sh\"\n";
			showEnvVarsInLog = 0;
		};
		FBDDB47848B2CCBC771278C2 /* [CP] Copy Pods Resources */ = {
			isa = PBXShellScriptBuildPhase;
			buildActionMask = 2147483647;
			files = (
			);
			inputPaths = (
			);
			name = "[CP] Copy Pods Resources";
			outputPaths = (
			);
			runOnlyForDeploymentPostprocessing = 0;
			shellPath = /bin/sh;
			shellScript = "\"${SRCROOT}/Pods/Target Support Files/Pods-WoofUITests/Pods-WoofUITests-resources.sh\"\n";
			showEnvVarsInLog = 0;
		};
/* End PBXShellScriptBuildPhase section */

/* Begin PBXSourcesBuildPhase section */
		0763447E1E415470001E20C9 /* Sources */ = {
			isa = PBXSourcesBuildPhase;
			buildActionMask = 2147483647;
			files = (
				A4A8A3331E6E713F000657E1 /* BreedTableViewCell.swift in Sources */,
				076A4D861E6E52E800ABFC98 /* OwnedDogCell.swift in Sources */,
				07AFF24A1E6A55D20089867C /* DetailViewController.swift in Sources */,
				075FBD811E4D635D009ECE7C /* Breed.swift in Sources */,
				2FD762301E73CDB500E315D0 /* LikedViewController.swift in Sources */,
				07AFF24D1E6A55D20089867C /* DogCell.swift in Sources */,
				A4A8A3351E6E713F000657E1 /* StatsViewController.swift in Sources */,
				2F1D1E8F1E726833001DDFBD /* FilterResultViewController.swift in Sources */,
				075FBD821E4D635D009ECE7C /* Dog.swift in Sources */,
				07AFF2621E6A55D20089867C /* IPetViewController.swift in Sources */,
				07AFF2711E6A55D20089867C /* SearchTableViewController.swift in Sources */,
				076344BE1E416EA0001E20C9 /* LoginViewController.swift in Sources */,
				9EDF642B1E76091E00FB2591 /* ColumnCell.swift in Sources */,
				07AFF26B1E6A55D20089867C /* ProfileViewController.swift in Sources */,
				A4A8A3361E6E713F000657E1 /* SuggestionViewController.swift in Sources */,
				075FBD831E4D635D009ECE7C /* User.swift in Sources */,
				0314E5251E6FC43A00E73DF9 /* LaunchViewController.swift in Sources */,
				2FFCB09B1E7271DB00B4D6E9 /* AddDogViewController.swift in Sources */,
				07AFF2531E6A55D20089867C /* DogProfile.swift in Sources */,
				07AFF26E1E6A55D20089867C /* Pulsing.swift in Sources */,
				076A4D891E6E53C400ABFC98 /* NotificationViewController.swift in Sources */,
				076344861E415470001E20C9 /* AppDelegate.swift in Sources */,
				076344881E415470001E20C9 /* FirstViewController.swift in Sources */,
				076A4D871E6E52E800ABFC98 /* OwnedDogDetailViewController.swift in Sources */,
				07AFF2561E6A55D20089867C /* FilterTableViewController.swift in Sources */,
				A4A8A3341E6E713F000657E1 /* ResultViewController.swift in Sources */,
				07B4D74C1E56A13200DA6A2C /* DataAccessObject.swift in Sources */,
				07B4D74E1E56A21200DA6A2C /* Functionalities.swift in Sources */,
				07AFF25C1E6A55D20089867C /* HomepageViewController.swift in Sources */,
			);
			runOnlyForDeploymentPostprocessing = 0;
		};
		076344941E415470001E20C9 /* Sources */ = {
			isa = PBXSourcesBuildPhase;
			buildActionMask = 2147483647;
			files = (
				07AFF2791E6A5E8F0089867C /* User.swift in Sources */,
				07AFF2771E6A5E8B0089867C /* Breed.swift in Sources */,
				0763449D1E415470001E20C9 /* WoofTests.swift in Sources */,
				07AFF26F1E6A55D20089867C /* Pulsing.swift in Sources */,
				07AFF24B1E6A55D20089867C /* DetailViewController.swift in Sources */,
				07AFF25D1E6A55D20089867C /* HomepageViewController.swift in Sources */,
				07AFF2541E6A55D20089867C /* DogProfile.swift in Sources */,
				07AFF2571E6A55D20089867C /* FilterTableViewController.swift in Sources */,
				07AFF27B1E6A5EA40089867C /* Dog.swift in Sources */,
				07AFF27E1E6A64090089867C /* Functionalities.swift in Sources */,
				07AFF24E1E6A55D20089867C /* DogCell.swift in Sources */,
				07AFF2721E6A55D20089867C /* SearchTableViewController.swift in Sources */,
				07AFF26C1E6A55D20089867C /* ProfileViewController.swift in Sources */,
				07AFF2631E6A55D20089867C /* IPetViewController.swift in Sources */,
			);
			runOnlyForDeploymentPostprocessing = 0;
		};
		0763449F1E415470001E20C9 /* Sources */ = {
			isa = PBXSourcesBuildPhase;
			buildActionMask = 2147483647;
			files = (
				07AFF27A1E6A5E900089867C /* User.swift in Sources */,
				07AFF2781E6A5E8C0089867C /* Breed.swift in Sources */,
				076344A81E415470001E20C9 /* WoofUITests.swift in Sources */,
				07AFF2701E6A55D20089867C /* Pulsing.swift in Sources */,
				07AFF24C1E6A55D20089867C /* DetailViewController.swift in Sources */,
				07AFF25E1E6A55D20089867C /* HomepageViewController.swift in Sources */,
				07AFF2551E6A55D20089867C /* DogProfile.swift in Sources */,
				07AFF2581E6A55D20089867C /* FilterTableViewController.swift in Sources */,
				07AFF27C1E6A5EA50089867C /* Dog.swift in Sources */,
				07AFF27F1E6A640A0089867C /* Functionalities.swift in Sources */,
				07AFF24F1E6A55D20089867C /* DogCell.swift in Sources */,
				07AFF2731E6A55D20089867C /* SearchTableViewController.swift in Sources */,
				07AFF26D1E6A55D20089867C /* ProfileViewController.swift in Sources */,
				07AFF2641E6A55D20089867C /* IPetViewController.swift in Sources */,
			);
			runOnlyForDeploymentPostprocessing = 0;
		};
/* End PBXSourcesBuildPhase section */

/* Begin PBXTargetDependency section */
		0763449A1E415470001E20C9 /* PBXTargetDependency */ = {
			isa = PBXTargetDependency;
			target = 076344811E415470001E20C9 /* Woof */;
			targetProxy = 076344991E415470001E20C9 /* PBXContainerItemProxy */;
		};
		076344A51E415470001E20C9 /* PBXTargetDependency */ = {
			isa = PBXTargetDependency;
			target = 076344811E415470001E20C9 /* Woof */;
			targetProxy = 076344A41E415470001E20C9 /* PBXContainerItemProxy */;
		};
/* End PBXTargetDependency section */

/* Begin PBXVariantGroup section */
		0763448B1E415470001E20C9 /* Main.storyboard */ = {
			isa = PBXVariantGroup;
			children = (
				0763448C1E415470001E20C9 /* Base */,
			);
			name = Main.storyboard;
			sourceTree = "<group>";
		};
		076344901E415470001E20C9 /* LaunchScreen.storyboard */ = {
			isa = PBXVariantGroup;
			children = (
				076344911E415470001E20C9 /* Base */,
			);
			name = LaunchScreen.storyboard;
			sourceTree = "<group>";
		};
		07AFF2261E6A55020089867C /* Major.storyboard */ = {
			isa = PBXVariantGroup;
			children = (
				07AFF2271E6A55020089867C /* Base */,
			);
			name = Major.storyboard;
			sourceTree = "<group>";
		};
/* End PBXVariantGroup section */

/* Begin XCBuildConfiguration section */
		076344AA1E415470001E20C9 /* Debug */ = {
			isa = XCBuildConfiguration;
			buildSettings = {
				ALWAYS_SEARCH_USER_PATHS = NO;
				CLANG_ANALYZER_NONNULL = YES;
				CLANG_CXX_LANGUAGE_STANDARD = "gnu++0x";
				CLANG_CXX_LIBRARY = "libc++";
				CLANG_ENABLE_MODULES = YES;
				CLANG_ENABLE_OBJC_ARC = YES;
				CLANG_WARN_BOOL_CONVERSION = YES;
				CLANG_WARN_CONSTANT_CONVERSION = YES;
				CLANG_WARN_DIRECT_OBJC_ISA_USAGE = YES_ERROR;
				CLANG_WARN_DOCUMENTATION_COMMENTS = YES;
				CLANG_WARN_EMPTY_BODY = YES;
				CLANG_WARN_ENUM_CONVERSION = YES;
				CLANG_WARN_INFINITE_RECURSION = YES;
				CLANG_WARN_INT_CONVERSION = YES;
				CLANG_WARN_OBJC_ROOT_CLASS = YES_ERROR;
				CLANG_WARN_SUSPICIOUS_MOVE = YES;
				CLANG_WARN_UNREACHABLE_CODE = YES;
				CLANG_WARN__DUPLICATE_METHOD_MATCH = YES;
				CODE_SIGN_IDENTITY = "iPhone Developer: meiyi.he@yahoo.com (8JLU6KX85B)";
				"CODE_SIGN_IDENTITY[sdk=iphoneos*]" = "iPhone Developer";
				COMPRESS_PNG_FILES = NO;
				COPY_PHASE_STRIP = NO;
				DEBUG_INFORMATION_FORMAT = dwarf;
				DEVELOPMENT_TEAM = 55L773VGHV;
				ENABLE_STRICT_OBJC_MSGSEND = YES;
				ENABLE_TESTABILITY = YES;
				GCC_C_LANGUAGE_STANDARD = gnu99;
				GCC_DYNAMIC_NO_PIC = NO;
				GCC_NO_COMMON_BLOCKS = YES;
				GCC_OPTIMIZATION_LEVEL = 0;
				GCC_PREPROCESSOR_DEFINITIONS = (
					"DEBUG=1",
					"$(inherited)",
				);
				GCC_WARN_64_TO_32_BIT_CONVERSION = YES;
				GCC_WARN_ABOUT_RETURN_TYPE = YES_ERROR;
				GCC_WARN_UNDECLARED_SELECTOR = YES;
				GCC_WARN_UNINITIALIZED_AUTOS = YES_AGGRESSIVE;
				GCC_WARN_UNUSED_FUNCTION = YES;
				GCC_WARN_UNUSED_VARIABLE = YES;
				IPHONEOS_DEPLOYMENT_TARGET = 10.2;
				MTL_ENABLE_DEBUG_INFO = YES;
				ONLY_ACTIVE_ARCH = YES;
				SDKROOT = iphoneos;
				SWIFT_ACTIVE_COMPILATION_CONDITIONS = DEBUG;
				SWIFT_OPTIMIZATION_LEVEL = "-Onone";
				TARGETED_DEVICE_FAMILY = "1,2";
			};
			name = Debug;
		};
		076344AB1E415470001E20C9 /* Release */ = {
			isa = XCBuildConfiguration;
			buildSettings = {
				ALWAYS_SEARCH_USER_PATHS = NO;
				CLANG_ANALYZER_NONNULL = YES;
				CLANG_CXX_LANGUAGE_STANDARD = "gnu++0x";
				CLANG_CXX_LIBRARY = "libc++";
				CLANG_ENABLE_MODULES = YES;
				CLANG_ENABLE_OBJC_ARC = YES;
				CLANG_WARN_BOOL_CONVERSION = YES;
				CLANG_WARN_CONSTANT_CONVERSION = YES;
				CLANG_WARN_DIRECT_OBJC_ISA_USAGE = YES_ERROR;
				CLANG_WARN_DOCUMENTATION_COMMENTS = YES;
				CLANG_WARN_EMPTY_BODY = YES;
				CLANG_WARN_ENUM_CONVERSION = YES;
				CLANG_WARN_INFINITE_RECURSION = YES;
				CLANG_WARN_INT_CONVERSION = YES;
				CLANG_WARN_OBJC_ROOT_CLASS = YES_ERROR;
				CLANG_WARN_SUSPICIOUS_MOVE = YES;
				CLANG_WARN_UNREACHABLE_CODE = YES;
				CLANG_WARN__DUPLICATE_METHOD_MATCH = YES;
				CODE_SIGN_IDENTITY = "iPhone Developer: meiyi.he@yahoo.com (8JLU6KX85B)";
				"CODE_SIGN_IDENTITY[sdk=iphoneos*]" = "iPhone Developer";
				COMPRESS_PNG_FILES = NO;
				COPY_PHASE_STRIP = NO;
				DEBUG_INFORMATION_FORMAT = "dwarf-with-dsym";
				DEVELOPMENT_TEAM = 55L773VGHV;
				ENABLE_NS_ASSERTIONS = NO;
				ENABLE_STRICT_OBJC_MSGSEND = YES;
				GCC_C_LANGUAGE_STANDARD = gnu99;
				GCC_NO_COMMON_BLOCKS = YES;
				GCC_WARN_64_TO_32_BIT_CONVERSION = YES;
				GCC_WARN_ABOUT_RETURN_TYPE = YES_ERROR;
				GCC_WARN_UNDECLARED_SELECTOR = YES;
				GCC_WARN_UNINITIALIZED_AUTOS = YES_AGGRESSIVE;
				GCC_WARN_UNUSED_FUNCTION = YES;
				GCC_WARN_UNUSED_VARIABLE = YES;
				IPHONEOS_DEPLOYMENT_TARGET = 10.2;
				MTL_ENABLE_DEBUG_INFO = NO;
				SDKROOT = iphoneos;
				SWIFT_OPTIMIZATION_LEVEL = "-Owholemodule";
				TARGETED_DEVICE_FAMILY = "1,2";
				VALIDATE_PRODUCT = YES;
			};
			name = Release;
		};
		076344AD1E415470001E20C9 /* Debug */ = {
			isa = XCBuildConfiguration;
			baseConfigurationReference = 6E144974F62DFDBD7A02E026 /* Pods-Woof.debug.xcconfig */;
			buildSettings = {
				ASSETCATALOG_COMPILER_APPICON_NAME = AppIcon;
				CODE_SIGN_IDENTITY = "iPhone Developer: hemeiyi0225@icloud.com (3CH6TSBANA)";
				"CODE_SIGN_IDENTITY[sdk=iphoneos*]" = "iPhone Developer";
				COMPRESS_PNG_FILES = NO;
				DEVELOPMENT_TEAM = LH4VKZ7XT2;
				FRAMEWORK_SEARCH_PATHS = (
					"$(inherited)",
					"$(PROJECT_DIR)",
				);
				GCC_PRECOMPILE_PREFIX_HEADER = YES;
				INFOPLIST_FILE = Woof/Info.plist;
				IPHONEOS_DEPLOYMENT_TARGET = 10.2;
				LD_RUNPATH_SEARCH_PATHS = "$(inherited) @executable_path/Frameworks";
				PRODUCT_BUNDLE_IDENTIFIER = "jorx11.Woof.ios.Woof-com.Woof.ios.Woof";
				PRODUCT_NAME = "$(TARGET_NAME)";
				SWIFT_OBJC_BRIDGING_HEADER = "Woof-Bridging-Header.h";
				SWIFT_VERSION = 3.0;
				TARGETED_DEVICE_FAMILY = 1;
			};
			name = Debug;
		};
		076344AE1E415470001E20C9 /* Release */ = {
			isa = XCBuildConfiguration;
			baseConfigurationReference = B68EEE3B2DF22BD21798D3A1 /* Pods-Woof.release.xcconfig */;
			buildSettings = {
				ASSETCATALOG_COMPILER_APPICON_NAME = AppIcon;
				CODE_SIGN_IDENTITY = "iPhone Developer: hemeiyi0225@icloud.com (3CH6TSBANA)";
				"CODE_SIGN_IDENTITY[sdk=iphoneos*]" = "iPhone Developer";
				COMPRESS_PNG_FILES = NO;
				DEVELOPMENT_TEAM = LH4VKZ7XT2;
				FRAMEWORK_SEARCH_PATHS = (
					"$(inherited)",
					"$(PROJECT_DIR)",
				);
				GCC_PRECOMPILE_PREFIX_HEADER = YES;
				INFOPLIST_FILE = Woof/Info.plist;
				IPHONEOS_DEPLOYMENT_TARGET = 10.2;
				LD_RUNPATH_SEARCH_PATHS = "$(inherited) @executable_path/Frameworks";
				PRODUCT_BUNDLE_IDENTIFIER = "jorx11.Woof.ios.Woof-com.Woof.ios.Woof";
				PRODUCT_NAME = "$(TARGET_NAME)";
				SWIFT_OBJC_BRIDGING_HEADER = "Woof-Bridging-Header.h";
				SWIFT_VERSION = 3.0;
				TARGETED_DEVICE_FAMILY = 1;
			};
			name = Release;
		};
		076344B01E415470001E20C9 /* Debug */ = {
			isa = XCBuildConfiguration;
			baseConfigurationReference = 7717C3F7724CB21AC5305E61 /* Pods-WoofTests.debug.xcconfig */;
			buildSettings = {
				ALWAYS_EMBED_SWIFT_STANDARD_LIBRARIES = YES;
				BUNDLE_LOADER = "$(TEST_HOST)";
				FRAMEWORK_SEARCH_PATHS = (
					"$(inherited)",
					"$(PROJECT_DIR)",
				);
				INFOPLIST_FILE = WoofTests/Info.plist;
				LD_RUNPATH_SEARCH_PATHS = "$(inherited) @executable_path/Frameworks @loader_path/Frameworks";
				PRODUCT_BUNDLE_IDENTIFIER = com.Woof.ios.WoofTests;
				PRODUCT_NAME = "$(TARGET_NAME)";
				SWIFT_VERSION = 3.0;
				TEST_HOST = "$(BUILT_PRODUCTS_DIR)/Woof.app/Woof";
			};
			name = Debug;
		};
		076344B11E415470001E20C9 /* Release */ = {
			isa = XCBuildConfiguration;
			baseConfigurationReference = 417FEE35B18CEC60476A1012 /* Pods-WoofTests.release.xcconfig */;
			buildSettings = {
				ALWAYS_EMBED_SWIFT_STANDARD_LIBRARIES = YES;
				BUNDLE_LOADER = "$(TEST_HOST)";
				FRAMEWORK_SEARCH_PATHS = (
					"$(inherited)",
					"$(PROJECT_DIR)",
				);
				INFOPLIST_FILE = WoofTests/Info.plist;
				LD_RUNPATH_SEARCH_PATHS = "$(inherited) @executable_path/Frameworks @loader_path/Frameworks";
				PRODUCT_BUNDLE_IDENTIFIER = com.Woof.ios.WoofTests;
				PRODUCT_NAME = "$(TARGET_NAME)";
				SWIFT_VERSION = 3.0;
				TEST_HOST = "$(BUILT_PRODUCTS_DIR)/Woof.app/Woof";
			};
			name = Release;
		};
		076344B31E415470001E20C9 /* Debug */ = {
			isa = XCBuildConfiguration;
			baseConfigurationReference = D2D8ECD82229FD1CD3083EC0 /* Pods-WoofUITests.debug.xcconfig */;
			buildSettings = {
				ALWAYS_EMBED_SWIFT_STANDARD_LIBRARIES = YES;
				FRAMEWORK_SEARCH_PATHS = (
					"$(inherited)",
					"$(PROJECT_DIR)",
				);
				INFOPLIST_FILE = WoofUITests/Info.plist;
				LD_RUNPATH_SEARCH_PATHS = "$(inherited) @executable_path/Frameworks @loader_path/Frameworks";
				PRODUCT_BUNDLE_IDENTIFIER = com.Woof.ios.WoofUITests;
				PRODUCT_NAME = "$(TARGET_NAME)";
				SWIFT_VERSION = 3.0;
				TEST_TARGET_NAME = Woof;
			};
			name = Debug;
		};
		076344B41E415470001E20C9 /* Release */ = {
			isa = XCBuildConfiguration;
			baseConfigurationReference = 155EBE63D3C365708CD5B5D5 /* Pods-WoofUITests.release.xcconfig */;
			buildSettings = {
				ALWAYS_EMBED_SWIFT_STANDARD_LIBRARIES = YES;
				FRAMEWORK_SEARCH_PATHS = (
					"$(inherited)",
					"$(PROJECT_DIR)",
				);
				INFOPLIST_FILE = WoofUITests/Info.plist;
				LD_RUNPATH_SEARCH_PATHS = "$(inherited) @executable_path/Frameworks @loader_path/Frameworks";
				PRODUCT_BUNDLE_IDENTIFIER = com.Woof.ios.WoofUITests;
				PRODUCT_NAME = "$(TARGET_NAME)";
				SWIFT_VERSION = 3.0;
				TEST_TARGET_NAME = Woof;
			};
			name = Release;
		};
/* End XCBuildConfiguration section */

/* Begin XCConfigurationList section */
		0763447D1E415470001E20C9 /* Build configuration list for PBXProject "Woof" */ = {
			isa = XCConfigurationList;
			buildConfigurations = (
				076344AA1E415470001E20C9 /* Debug */,
				076344AB1E415470001E20C9 /* Release */,
			);
			defaultConfigurationIsVisible = 0;
			defaultConfigurationName = Release;
		};
		076344AC1E415470001E20C9 /* Build configuration list for PBXNativeTarget "Woof" */ = {
			isa = XCConfigurationList;
			buildConfigurations = (
				076344AD1E415470001E20C9 /* Debug */,
				076344AE1E415470001E20C9 /* Release */,
			);
			defaultConfigurationIsVisible = 0;
			defaultConfigurationName = Release;
		};
		076344AF1E415470001E20C9 /* Build configuration list for PBXNativeTarget "WoofTests" */ = {
			isa = XCConfigurationList;
			buildConfigurations = (
				076344B01E415470001E20C9 /* Debug */,
				076344B11E415470001E20C9 /* Release */,
			);
			defaultConfigurationIsVisible = 0;
			defaultConfigurationName = Release;
		};
		076344B21E415470001E20C9 /* Build configuration list for PBXNativeTarget "WoofUITests" */ = {
			isa = XCConfigurationList;
			buildConfigurations = (
				076344B31E415470001E20C9 /* Debug */,
				076344B41E415470001E20C9 /* Release */,
			);
			defaultConfigurationIsVisible = 0;
			defaultConfigurationName = Release;
		};
/* End XCConfigurationList section */
	};
	rootObject = 0763447A1E415470001E20C9 /* Project object */;
}
